// !$*UTF8*$!
{
	archiveVersion = 1;
	classes = {
	};
	objectVersion = 56;
	objects = {

/* Begin PBXBuildFile section */
		0010383E2CD22590007C2085 /* ChartCell.swift in Sources */ = {isa = PBXBuildFile; fileRef = 0010383D2CD22590007C2085 /* ChartCell.swift */; };
		001038402CD225A4007C2085 /* ChartViewController.swift in Sources */ = {isa = PBXBuildFile; fileRef = 0010383F2CD225A4007C2085 /* ChartViewController.swift */; };
		001038422CD225B7007C2085 /* App.swift in Sources */ = {isa = PBXBuildFile; fileRef = 001038412CD225B7007C2085 /* App.swift */; };
		001038442CD225CA007C2085 /* DownloadState.swift in Sources */ = {isa = PBXBuildFile; fileRef = 001038432CD225CA007C2085 /* DownloadState.swift */; };
		001038472CD226B9007C2085 /* Then in Frameworks */ = {isa = PBXBuildFile; productRef = 001038462CD226B9007C2085 /* Then */; };
		0010384A2CD22CC2007C2085 /* Photo.swift in Sources */ = {isa = PBXBuildFile; fileRef = 001038492CD22CC2007C2085 /* Photo.swift */; };
		0010384C2CD22D7D007C2085 /* PhotoViewController.swift in Sources */ = {isa = PBXBuildFile; fileRef = 0010384B2CD22D7D007C2085 /* PhotoViewController.swift */; };
		0010384E2CD22EF2007C2085 /* PhotoCell.swift in Sources */ = {isa = PBXBuildFile; fileRef = 0010384D2CD22EF2007C2085 /* PhotoCell.swift */; };
		00127AEE2CC1EBC200A606C6 /* InfoView.swift in Sources */ = {isa = PBXBuildFile; fileRef = 00127AED2CC1EBC200A606C6 /* InfoView.swift */; };
		00401EE02CC0D6E00078F3FF /* .gitignore in Resources */ = {isa = PBXBuildFile; fileRef = 00401EDF2CC0D6E00078F3FF /* .gitignore */; };
		00401EE22CC0D8FE0078F3FF /* TossViewController.swift in Sources */ = {isa = PBXBuildFile; fileRef = 00401EE12CC0D8FE0078F3FF /* TossViewController.swift */; };
		00401EE62CC0DB9D0078F3FF /* UIView+.swift in Sources */ = {isa = PBXBuildFile; fileRef = 00401EE52CC0DB9D0078F3FF /* UIView+.swift */; };
		0049863D2CC7F68E006CD84C /* NoticeView.swift in Sources */ = {isa = PBXBuildFile; fileRef = 0049863C2CC7F68E006CD84C /* NoticeView.swift */; };
		0049863F2CC8013A006CD84C /* VersionViewController.swift in Sources */ = {isa = PBXBuildFile; fileRef = 0049863E2CC8013A006CD84C /* VersionViewController.swift */; };
		004986412CC80962006CD84C /* PreviewView.swift in Sources */ = {isa = PBXBuildFile; fileRef = 004986402CC80962006CD84C /* PreviewView.swift */; };
		004986432CC813D6006CD84C /* DescriptionView.swift in Sources */ = {isa = PBXBuildFile; fileRef = 004986422CC813D6006CD84C /* DescriptionView.swift */; };
		004986452CC81B36006CD84C /* DeveloperView.swift in Sources */ = {isa = PBXBuildFile; fileRef = 004986442CC81B36006CD84C /* DeveloperView.swift */; };
		0072737A2CD3ED5100F81D44 /* EditorPickViewController.swift in Sources */ = {isa = PBXBuildFile; fileRef = 007273792CD3ED5100F81D44 /* EditorPickViewController.swift */; };
		0073BF372CBFA208000E6314 /* ColorsViewController.swift in Sources */ = {isa = PBXBuildFile; fileRef = 0073BF362CBFA208000E6314 /* ColorsViewController.swift */; };
		0073BF3A2CBFA2A1000E6314 /* SnapKit in Frameworks */ = {isa = PBXBuildFile; productRef = 0073BF392CBFA2A1000E6314 /* SnapKit */; };
		007B753A2CC87A0200155F27 /* StatView.swift in Sources */ = {isa = PBXBuildFile; fileRef = 007B75392CC87A0200155F27 /* StatView.swift */; };
		007B753C2CC8853800155F27 /* ReviewViewController.swift in Sources */ = {isa = PBXBuildFile; fileRef = 007B753B2CC8853800155F27 /* ReviewViewController.swift */; };
		007B753E2CC8870800155F27 /* ReviewView.swift in Sources */ = {isa = PBXBuildFile; fileRef = 007B753D2CC8870800155F27 /* ReviewView.swift */; };
		007EC2982CB973DB005ACF95 /* AppDelegate.swift in Sources */ = {isa = PBXBuildFile; fileRef = 007EC2972CB973DB005ACF95 /* AppDelegate.swift */; };
		007EC29A2CB973DB005ACF95 /* SceneDelegate.swift in Sources */ = {isa = PBXBuildFile; fileRef = 007EC2992CB973DB005ACF95 /* SceneDelegate.swift */; };
		007EC29C2CB973DB005ACF95 /* ViewController.swift in Sources */ = {isa = PBXBuildFile; fileRef = 007EC29B2CB973DB005ACF95 /* ViewController.swift */; };
		007EC29F2CB973DB005ACF95 /* Main.storyboard in Resources */ = {isa = PBXBuildFile; fileRef = 007EC29D2CB973DB005ACF95 /* Main.storyboard */; };
		007EC2A12CB973DC005ACF95 /* Assets.xcassets in Resources */ = {isa = PBXBuildFile; fileRef = 007EC2A02CB973DC005ACF95 /* Assets.xcassets */; };
		007EC2A42CB973DC005ACF95 /* LaunchScreen.storyboard in Resources */ = {isa = PBXBuildFile; fileRef = 007EC2A22CB973DC005ACF95 /* LaunchScreen.storyboard */; };
		007EC2AC2CB97412005ACF95 /* DetailViewController.swift in Sources */ = {isa = PBXBuildFile; fileRef = 007EC2AB2CB97412005ACF95 /* DetailViewController.swift */; };
		00D3665D2CD35D4400F40F42 /* FinAppViewController.swift in Sources */ = {isa = PBXBuildFile; fileRef = 00D3665C2CD35D4400F40F42 /* FinAppViewController.swift */; };
		00D3665F2CD3720900F40F42 /* RecommendViewController.swift in Sources */ = {isa = PBXBuildFile; fileRef = 00D3665E2CD3720900F40F42 /* RecommendViewController.swift */; };
		00D366612CD3777C00F40F42 /* RecommendModel.swift in Sources */ = {isa = PBXBuildFile; fileRef = 00D366602CD3777C00F40F42 /* RecommendModel.swift */; };
		00D366652CD379B200F40F42 /* RecommendCell.swift in Sources */ = {isa = PBXBuildFile; fileRef = 00D366642CD379B200F40F42 /* RecommendCell.swift */; };
		00DA67A72CD1BB2400F3C7BE /* UIStackView+.swift in Sources */ = {isa = PBXBuildFile; fileRef = 00DA67A62CD1BB2400F3C7BE /* UIStackView+.swift */; };
		00FF73382CC1E076001218BD /* TitleView.swift in Sources */ = {isa = PBXBuildFile; fileRef = 00FF73372CC1E076001218BD /* TitleView.swift */; };
/* End PBXBuildFile section */

/* Begin PBXFileReference section */
		0010383D2CD22590007C2085 /* ChartCell.swift */ = {isa = PBXFileReference; lastKnownFileType = sourcecode.swift; path = ChartCell.swift; sourceTree = "<group>"; };
		0010383F2CD225A4007C2085 /* ChartViewController.swift */ = {isa = PBXFileReference; lastKnownFileType = sourcecode.swift; path = ChartViewController.swift; sourceTree = "<group>"; };
		001038412CD225B7007C2085 /* App.swift */ = {isa = PBXFileReference; lastKnownFileType = sourcecode.swift; path = App.swift; sourceTree = "<group>"; };
		001038432CD225CA007C2085 /* DownloadState.swift */ = {isa = PBXFileReference; lastKnownFileType = sourcecode.swift; path = DownloadState.swift; sourceTree = "<group>"; };
		001038492CD22CC2007C2085 /* Photo.swift */ = {isa = PBXFileReference; lastKnownFileType = sourcecode.swift; path = Photo.swift; sourceTree = "<group>"; };
		0010384B2CD22D7D007C2085 /* PhotoViewController.swift */ = {isa = PBXFileReference; lastKnownFileType = sourcecode.swift; path = PhotoViewController.swift; sourceTree = "<group>"; };
		0010384D2CD22EF2007C2085 /* PhotoCell.swift */ = {isa = PBXFileReference; lastKnownFileType = sourcecode.swift; path = PhotoCell.swift; sourceTree = "<group>"; };
		00127AED2CC1EBC200A606C6 /* InfoView.swift */ = {isa = PBXFileReference; lastKnownFileType = sourcecode.swift; path = InfoView.swift; sourceTree = "<group>"; };
		00401EDF2CC0D6E00078F3FF /* .gitignore */ = {isa = PBXFileReference; lastKnownFileType = text; path = .gitignore; sourceTree = "<group>"; };
		00401EE12CC0D8FE0078F3FF /* TossViewController.swift */ = {isa = PBXFileReference; lastKnownFileType = sourcecode.swift; path = TossViewController.swift; sourceTree = "<group>"; };
		00401EE52CC0DB9D0078F3FF /* UIView+.swift */ = {isa = PBXFileReference; lastKnownFileType = sourcecode.swift; path = "UIView+.swift"; sourceTree = "<group>"; };
		0049863C2CC7F68E006CD84C /* NoticeView.swift */ = {isa = PBXFileReference; lastKnownFileType = sourcecode.swift; path = NoticeView.swift; sourceTree = "<group>"; };
		0049863E2CC8013A006CD84C /* VersionViewController.swift */ = {isa = PBXFileReference; lastKnownFileType = sourcecode.swift; path = VersionViewController.swift; sourceTree = "<group>"; };
		004986402CC80962006CD84C /* PreviewView.swift */ = {isa = PBXFileReference; lastKnownFileType = sourcecode.swift; path = PreviewView.swift; sourceTree = "<group>"; };
		004986422CC813D6006CD84C /* DescriptionView.swift */ = {isa = PBXFileReference; lastKnownFileType = sourcecode.swift; path = DescriptionView.swift; sourceTree = "<group>"; };
		004986442CC81B36006CD84C /* DeveloperView.swift */ = {isa = PBXFileReference; lastKnownFileType = sourcecode.swift; path = DeveloperView.swift; sourceTree = "<group>"; };
		007273792CD3ED5100F81D44 /* EditorPickViewController.swift */ = {isa = PBXFileReference; lastKnownFileType = sourcecode.swift; path = EditorPickViewController.swift; sourceTree = "<group>"; };
		0073BF362CBFA208000E6314 /* ColorsViewController.swift */ = {isa = PBXFileReference; lastKnownFileType = sourcecode.swift; path = ColorsViewController.swift; sourceTree = "<group>"; };
		007B75392CC87A0200155F27 /* StatView.swift */ = {isa = PBXFileReference; lastKnownFileType = sourcecode.swift; path = StatView.swift; sourceTree = "<group>"; };
		007B753B2CC8853800155F27 /* ReviewViewController.swift */ = {isa = PBXFileReference; lastKnownFileType = sourcecode.swift; path = ReviewViewController.swift; sourceTree = "<group>"; };
		007B753D2CC8870800155F27 /* ReviewView.swift */ = {isa = PBXFileReference; lastKnownFileType = sourcecode.swift; path = ReviewView.swift; sourceTree = "<group>"; };
		007EC2942CB973DB005ACF95 /* SOPT.app */ = {isa = PBXFileReference; explicitFileType = wrapper.application; includeInIndex = 0; path = SOPT.app; sourceTree = BUILT_PRODUCTS_DIR; };
		007EC2972CB973DB005ACF95 /* AppDelegate.swift */ = {isa = PBXFileReference; lastKnownFileType = sourcecode.swift; path = AppDelegate.swift; sourceTree = "<group>"; };
		007EC2992CB973DB005ACF95 /* SceneDelegate.swift */ = {isa = PBXFileReference; lastKnownFileType = sourcecode.swift; path = SceneDelegate.swift; sourceTree = "<group>"; };
		007EC29B2CB973DB005ACF95 /* ViewController.swift */ = {isa = PBXFileReference; lastKnownFileType = sourcecode.swift; path = ViewController.swift; sourceTree = "<group>"; };
		007EC29E2CB973DB005ACF95 /* Base */ = {isa = PBXFileReference; lastKnownFileType = file.storyboard; name = Base; path = Base.lproj/Main.storyboard; sourceTree = "<group>"; };
		007EC2A02CB973DC005ACF95 /* Assets.xcassets */ = {isa = PBXFileReference; lastKnownFileType = folder.assetcatalog; path = Assets.xcassets; sourceTree = "<group>"; };
		007EC2A32CB973DC005ACF95 /* Base */ = {isa = PBXFileReference; lastKnownFileType = file.storyboard; name = Base; path = Base.lproj/LaunchScreen.storyboard; sourceTree = "<group>"; };
		007EC2A52CB973DC005ACF95 /* Info.plist */ = {isa = PBXFileReference; lastKnownFileType = text.plist.xml; path = Info.plist; sourceTree = "<group>"; };
		007EC2AB2CB97412005ACF95 /* DetailViewController.swift */ = {isa = PBXFileReference; lastKnownFileType = sourcecode.swift; path = DetailViewController.swift; sourceTree = "<group>"; };
		00D3665C2CD35D4400F40F42 /* FinAppViewController.swift */ = {isa = PBXFileReference; lastKnownFileType = sourcecode.swift; path = FinAppViewController.swift; sourceTree = "<group>"; };
		00D3665E2CD3720900F40F42 /* RecommendViewController.swift */ = {isa = PBXFileReference; lastKnownFileType = sourcecode.swift; path = RecommendViewController.swift; sourceTree = "<group>"; };
		00D366602CD3777C00F40F42 /* RecommendModel.swift */ = {isa = PBXFileReference; lastKnownFileType = sourcecode.swift; path = RecommendModel.swift; sourceTree = "<group>"; };
		00D366642CD379B200F40F42 /* RecommendCell.swift */ = {isa = PBXFileReference; lastKnownFileType = sourcecode.swift; path = RecommendCell.swift; sourceTree = "<group>"; };
		00DA67A62CD1BB2400F3C7BE /* UIStackView+.swift */ = {isa = PBXFileReference; lastKnownFileType = sourcecode.swift; path = "UIStackView+.swift"; sourceTree = "<group>"; };
		00FF73372CC1E076001218BD /* TitleView.swift */ = {isa = PBXFileReference; lastKnownFileType = sourcecode.swift; path = TitleView.swift; sourceTree = "<group>"; };
/* End PBXFileReference section */

/* Begin PBXFrameworksBuildPhase section */
		007EC2912CB973DB005ACF95 /* Frameworks */ = {
			isa = PBXFrameworksBuildPhase;
			buildActionMask = 2147483647;
			files = (
				0073BF3A2CBFA2A1000E6314 /* SnapKit in Frameworks */,
				001038472CD226B9007C2085 /* Then in Frameworks */,
			);
			runOnlyForDeploymentPostprocessing = 0;
		};
/* End PBXFrameworksBuildPhase section */

/* Begin PBXGroup section */
		0010383C2CD2257D007C2085 /* TableView */ = {
			isa = PBXGroup;
			children = (
				001038412CD225B7007C2085 /* App.swift */,
				001038432CD225CA007C2085 /* DownloadState.swift */,
				0010383D2CD22590007C2085 /* ChartCell.swift */,
				0010383F2CD225A4007C2085 /* ChartViewController.swift */,
			);
			path = TableView;
			sourceTree = "<group>";
		};
		001038482CD22C8E007C2085 /* CollectionView */ = {
			isa = PBXGroup;
			children = (
				001038492CD22CC2007C2085 /* Photo.swift */,
				0010384B2CD22D7D007C2085 /* PhotoViewController.swift */,
				0010384D2CD22EF2007C2085 /* PhotoCell.swift */,
			);
			path = CollectionView;
			sourceTree = "<group>";
		};
		00401EE32CC0DB410078F3FF /* Global */ = {
			isa = PBXGroup;
			children = (
				00401EE42CC0DB760078F3FF /* Extensions */,
			);
			path = Global;
			sourceTree = "<group>";
		};
		00401EE42CC0DB760078F3FF /* Extensions */ = {
			isa = PBXGroup;
			children = (
				00401EE52CC0DB9D0078F3FF /* UIView+.swift */,
				00DA67A62CD1BB2400F3C7BE /* UIStackView+.swift */,
			);
			path = Extensions;
			sourceTree = "<group>";
		};
		0072737B2CD3ED5800F81D44 /* ViewController */ = {
			isa = PBXGroup;
			children = (
				00D3665E2CD3720900F40F42 /* RecommendViewController.swift */,
				007273792CD3ED5100F81D44 /* EditorPickViewController.swift */,
			);
			path = ViewController;
			sourceTree = "<group>";
		};
		007EC28B2CB973DB005ACF95 = {
			isa = PBXGroup;
			children = (
				00401EDF2CC0D6E00078F3FF /* .gitignore */,
				007EC2962CB973DB005ACF95 /* SOPT */,
				007EC2952CB973DB005ACF95 /* Products */,
			);
			sourceTree = "<group>";
		};
		007EC2952CB973DB005ACF95 /* Products */ = {
			isa = PBXGroup;
			children = (
				007EC2942CB973DB005ACF95 /* SOPT.app */,
			);
			name = Products;
			sourceTree = "<group>";
		};
		007EC2962CB973DB005ACF95 /* SOPT */ = {
			isa = PBXGroup;
			children = (
				00401EE32CC0DB410078F3FF /* Global */,
				007EC2972CB973DB005ACF95 /* AppDelegate.swift */,
				007EC2992CB973DB005ACF95 /* SceneDelegate.swift */,
				00FF733A2CC1E110001218BD /* seminar */,
				00FF73392CC1E087001218BD /* week2-project */,
				00D3665B2CD35C5700F40F42 /* week3-project */,
				007EC29D2CB973DB005ACF95 /* Main.storyboard */,
				007EC2A02CB973DC005ACF95 /* Assets.xcassets */,
				007EC2A22CB973DC005ACF95 /* LaunchScreen.storyboard */,
				007EC2A52CB973DC005ACF95 /* Info.plist */,
			);
			path = SOPT;
			sourceTree = "<group>";
		};
		00D3665B2CD35C5700F40F42 /* week3-project */ = {
			isa = PBXGroup;
			children = (
				00D3665C2CD35D4400F40F42 /* FinAppViewController.swift */,
				00D366622CD378E000F40F42 /* Model */,
				00D366632CD3799100F40F42 /* Cell */,
				0072737B2CD3ED5800F81D44 /* ViewController */,
			);
			path = "week3-project";
			sourceTree = "<group>";
		};
		00D366622CD378E000F40F42 /* Model */ = {
			isa = PBXGroup;
			children = (
				00D366602CD3777C00F40F42 /* RecommendModel.swift */,
			);
			path = Model;
			sourceTree = "<group>";
		};
		00D366632CD3799100F40F42 /* Cell */ = {
			isa = PBXGroup;
			children = (
				00D366642CD379B200F40F42 /* RecommendCell.swift */,
			);
			path = Cell;
			sourceTree = "<group>";
		};
		00FF73392CC1E087001218BD /* week2-project */ = {
			isa = PBXGroup;
			children = (
				00401EE12CC0D8FE0078F3FF /* TossViewController.swift */,
				00FF73372CC1E076001218BD /* TitleView.swift */,
				00127AED2CC1EBC200A606C6 /* InfoView.swift */,
				0049863C2CC7F68E006CD84C /* NoticeView.swift */,
				0049863E2CC8013A006CD84C /* VersionViewController.swift */,
				004986402CC80962006CD84C /* PreviewView.swift */,
				004986422CC813D6006CD84C /* DescriptionView.swift */,
				004986442CC81B36006CD84C /* DeveloperView.swift */,
				007B75392CC87A0200155F27 /* StatView.swift */,
				007B753B2CC8853800155F27 /* ReviewViewController.swift */,
				007B753D2CC8870800155F27 /* ReviewView.swift */,
			);
			path = "week2-project";
			sourceTree = "<group>";
		};
		00FF733A2CC1E110001218BD /* seminar */ = {
			isa = PBXGroup;
			children = (
				007EC29B2CB973DB005ACF95 /* ViewController.swift */,
				007EC2AB2CB97412005ACF95 /* DetailViewController.swift */,
				0073BF362CBFA208000E6314 /* ColorsViewController.swift */,
				0010383C2CD2257D007C2085 /* TableView */,
				001038482CD22C8E007C2085 /* CollectionView */,
			);
			path = seminar;
			sourceTree = "<group>";
		};
/* End PBXGroup section */

/* Begin PBXNativeTarget section */
		007EC2932CB973DB005ACF95 /* SOPT */ = {
			isa = PBXNativeTarget;
			buildConfigurationList = 007EC2A82CB973DC005ACF95 /* Build configuration list for PBXNativeTarget "SOPT" */;
			buildPhases = (
				007EC2902CB973DB005ACF95 /* Sources */,
				007EC2912CB973DB005ACF95 /* Frameworks */,
				007EC2922CB973DB005ACF95 /* Resources */,
			);
			buildRules = (
			);
			dependencies = (
			);
			name = SOPT;
			packageProductDependencies = (
				0073BF392CBFA2A1000E6314 /* SnapKit */,
				001038462CD226B9007C2085 /* Then */,
			);
			productName = SOPT;
			productReference = 007EC2942CB973DB005ACF95 /* SOPT.app */;
			productType = "com.apple.product-type.application";
		};
/* End PBXNativeTarget section */

/* Begin PBXProject section */
		007EC28C2CB973DB005ACF95 /* Project object */ = {
			isa = PBXProject;
			attributes = {
				BuildIndependentTargetsInParallel = 1;
				LastSwiftUpdateCheck = 1510;
				LastUpgradeCheck = 1510;
				TargetAttributes = {
					007EC2932CB973DB005ACF95 = {
						CreatedOnToolsVersion = 15.1;
					};
				};
			};
			buildConfigurationList = 007EC28F2CB973DB005ACF95 /* Build configuration list for PBXProject "SOPT" */;
			compatibilityVersion = "Xcode 14.0";
			developmentRegion = en;
			hasScannedForEncodings = 0;
			knownRegions = (
				en,
				Base,
			);
			mainGroup = 007EC28B2CB973DB005ACF95;
			packageReferences = (
				0073BF382CBFA2A1000E6314 /* XCRemoteSwiftPackageReference "SnapKit" */,
				001038452CD226B9007C2085 /* XCRemoteSwiftPackageReference "Then" */,
			);
			productRefGroup = 007EC2952CB973DB005ACF95 /* Products */;
			projectDirPath = "";
			projectRoot = "";
			targets = (
				007EC2932CB973DB005ACF95 /* SOPT */,
			);
		};
/* End PBXProject section */

/* Begin PBXResourcesBuildPhase section */
		007EC2922CB973DB005ACF95 /* Resources */ = {
			isa = PBXResourcesBuildPhase;
			buildActionMask = 2147483647;
			files = (
				00401EE02CC0D6E00078F3FF /* .gitignore in Resources */,
				007EC2A42CB973DC005ACF95 /* LaunchScreen.storyboard in Resources */,
				007EC2A12CB973DC005ACF95 /* Assets.xcassets in Resources */,
				007EC29F2CB973DB005ACF95 /* Main.storyboard in Resources */,
			);
			runOnlyForDeploymentPostprocessing = 0;
		};
/* End PBXResourcesBuildPhase section */

/* Begin PBXSourcesBuildPhase section */
		007EC2902CB973DB005ACF95 /* Sources */ = {
			isa = PBXSourcesBuildPhase;
			buildActionMask = 2147483647;
			files = (
				0073BF372CBFA208000E6314 /* ColorsViewController.swift in Sources */,
				0010384E2CD22EF2007C2085 /* PhotoCell.swift in Sources */,
				007EC29C2CB973DB005ACF95 /* ViewController.swift in Sources */,
				004986432CC813D6006CD84C /* DescriptionView.swift in Sources */,
				00401EE62CC0DB9D0078F3FF /* UIView+.swift in Sources */,
				007EC2982CB973DB005ACF95 /* AppDelegate.swift in Sources */,
				0010384C2CD22D7D007C2085 /* PhotoViewController.swift in Sources */,
				004986452CC81B36006CD84C /* DeveloperView.swift in Sources */,
				007B753C2CC8853800155F27 /* ReviewViewController.swift in Sources */,
				00DA67A72CD1BB2400F3C7BE /* UIStackView+.swift in Sources */,
				007EC29A2CB973DB005ACF95 /* SceneDelegate.swift in Sources */,
				00D3665F2CD3720900F40F42 /* RecommendViewController.swift in Sources */,
				001038442CD225CA007C2085 /* DownloadState.swift in Sources */,
				001038402CD225A4007C2085 /* ChartViewController.swift in Sources */,
				00D366612CD3777C00F40F42 /* RecommendModel.swift in Sources */,
				007B753A2CC87A0200155F27 /* StatView.swift in Sources */,
				004986412CC80962006CD84C /* PreviewView.swift in Sources */,
				001038422CD225B7007C2085 /* App.swift in Sources */,
				0072737A2CD3ED5100F81D44 /* EditorPickViewController.swift in Sources */,
				007EC2AC2CB97412005ACF95 /* DetailViewController.swift in Sources */,
				00D3665D2CD35D4400F40F42 /* FinAppViewController.swift in Sources */,
				00401EE22CC0D8FE0078F3FF /* TossViewController.swift in Sources */,
				0010384A2CD22CC2007C2085 /* Photo.swift in Sources */,
				00D366652CD379B200F40F42 /* RecommendCell.swift in Sources */,
				0049863F2CC8013A006CD84C /* VersionViewController.swift in Sources */,
				0010383E2CD22590007C2085 /* ChartCell.swift in Sources */,
				00127AEE2CC1EBC200A606C6 /* InfoView.swift in Sources */,
				007B753E2CC8870800155F27 /* ReviewView.swift in Sources */,
				0049863D2CC7F68E006CD84C /* NoticeView.swift in Sources */,
				00FF73382CC1E076001218BD /* TitleView.swift in Sources */,
			);
			runOnlyForDeploymentPostprocessing = 0;
		};
/* End PBXSourcesBuildPhase section */

/* Begin PBXVariantGroup section */
		007EC29D2CB973DB005ACF95 /* Main.storyboard */ = {
			isa = PBXVariantGroup;
			children = (
				007EC29E2CB973DB005ACF95 /* Base */,
			);
			name = Main.storyboard;
			sourceTree = "<group>";
		};
		007EC2A22CB973DC005ACF95 /* LaunchScreen.storyboard */ = {
			isa = PBXVariantGroup;
			children = (
				007EC2A32CB973DC005ACF95 /* Base */,
			);
			name = LaunchScreen.storyboard;
			sourceTree = "<group>";
		};
/* End PBXVariantGroup section */

/* Begin XCBuildConfiguration section */
		007EC2A62CB973DC005ACF95 /* Debug */ = {
			isa = XCBuildConfiguration;
			buildSettings = {
				ALWAYS_SEARCH_USER_PATHS = NO;
				ASSETCATALOG_COMPILER_GENERATE_SWIFT_ASSET_SYMBOL_EXTENSIONS = YES;
				CLANG_ANALYZER_NONNULL = YES;
				CLANG_ANALYZER_NUMBER_OBJECT_CONVERSION = YES_AGGRESSIVE;
				CLANG_CXX_LANGUAGE_STANDARD = "gnu++20";
				CLANG_ENABLE_MODULES = YES;
				CLANG_ENABLE_OBJC_ARC = YES;
				CLANG_ENABLE_OBJC_WEAK = YES;
				CLANG_WARN_BLOCK_CAPTURE_AUTORELEASING = YES;
				CLANG_WARN_BOOL_CONVERSION = YES;
				CLANG_WARN_COMMA = YES;
				CLANG_WARN_CONSTANT_CONVERSION = YES;
				CLANG_WARN_DEPRECATED_OBJC_IMPLEMENTATIONS = YES;
				CLANG_WARN_DIRECT_OBJC_ISA_USAGE = YES_ERROR;
				CLANG_WARN_DOCUMENTATION_COMMENTS = YES;
				CLANG_WARN_EMPTY_BODY = YES;
				CLANG_WARN_ENUM_CONVERSION = YES;
				CLANG_WARN_INFINITE_RECURSION = YES;
				CLANG_WARN_INT_CONVERSION = YES;
				CLANG_WARN_NON_LITERAL_NULL_CONVERSION = YES;
				CLANG_WARN_OBJC_IMPLICIT_RETAIN_SELF = YES;
				CLANG_WARN_OBJC_LITERAL_CONVERSION = YES;
				CLANG_WARN_OBJC_ROOT_CLASS = YES_ERROR;
				CLANG_WARN_QUOTED_INCLUDE_IN_FRAMEWORK_HEADER = YES;
				CLANG_WARN_RANGE_LOOP_ANALYSIS = YES;
				CLANG_WARN_STRICT_PROTOTYPES = YES;
				CLANG_WARN_SUSPICIOUS_MOVE = YES;
				CLANG_WARN_UNGUARDED_AVAILABILITY = YES_AGGRESSIVE;
				CLANG_WARN_UNREACHABLE_CODE = YES;
				CLANG_WARN__DUPLICATE_METHOD_MATCH = YES;
				COPY_PHASE_STRIP = NO;
				DEBUG_INFORMATION_FORMAT = dwarf;
				ENABLE_STRICT_OBJC_MSGSEND = YES;
				ENABLE_TESTABILITY = YES;
				ENABLE_USER_SCRIPT_SANDBOXING = YES;
				GCC_C_LANGUAGE_STANDARD = gnu17;
				GCC_DYNAMIC_NO_PIC = NO;
				GCC_NO_COMMON_BLOCKS = YES;
				GCC_OPTIMIZATION_LEVEL = 0;
				GCC_PREPROCESSOR_DEFINITIONS = (
					"DEBUG=1",
					"$(inherited)",
				);
				GCC_WARN_64_TO_32_BIT_CONVERSION = YES;
				GCC_WARN_ABOUT_RETURN_TYPE = YES_ERROR;
				GCC_WARN_UNDECLARED_SELECTOR = YES;
				GCC_WARN_UNINITIALIZED_AUTOS = YES_AGGRESSIVE;
				GCC_WARN_UNUSED_FUNCTION = YES;
				GCC_WARN_UNUSED_VARIABLE = YES;
				IPHONEOS_DEPLOYMENT_TARGET = 17.2;
				LOCALIZATION_PREFERS_STRING_CATALOGS = YES;
				MTL_ENABLE_DEBUG_INFO = INCLUDE_SOURCE;
				MTL_FAST_MATH = YES;
				ONLY_ACTIVE_ARCH = YES;
				SDKROOT = iphoneos;
				SWIFT_ACTIVE_COMPILATION_CONDITIONS = "DEBUG $(inherited)";
				SWIFT_OPTIMIZATION_LEVEL = "-Onone";
			};
			name = Debug;
		};
		007EC2A72CB973DC005ACF95 /* Release */ = {
			isa = XCBuildConfiguration;
			buildSettings = {
				ALWAYS_SEARCH_USER_PATHS = NO;
				ASSETCATALOG_COMPILER_GENERATE_SWIFT_ASSET_SYMBOL_EXTENSIONS = YES;
				CLANG_ANALYZER_NONNULL = YES;
				CLANG_ANALYZER_NUMBER_OBJECT_CONVERSION = YES_AGGRESSIVE;
				CLANG_CXX_LANGUAGE_STANDARD = "gnu++20";
				CLANG_ENABLE_MODULES = YES;
				CLANG_ENABLE_OBJC_ARC = YES;
				CLANG_ENABLE_OBJC_WEAK = YES;
				CLANG_WARN_BLOCK_CAPTURE_AUTORELEASING = YES;
				CLANG_WARN_BOOL_CONVERSION = YES;
				CLANG_WARN_COMMA = YES;
				CLANG_WARN_CONSTANT_CONVERSION = YES;
				CLANG_WARN_DEPRECATED_OBJC_IMPLEMENTATIONS = YES;
				CLANG_WARN_DIRECT_OBJC_ISA_USAGE = YES_ERROR;
				CLANG_WARN_DOCUMENTATION_COMMENTS = YES;
				CLANG_WARN_EMPTY_BODY = YES;
				CLANG_WARN_ENUM_CONVERSION = YES;
				CLANG_WARN_INFINITE_RECURSION = YES;
				CLANG_WARN_INT_CONVERSION = YES;
				CLANG_WARN_NON_LITERAL_NULL_CONVERSION = YES;
				CLANG_WARN_OBJC_IMPLICIT_RETAIN_SELF = YES;
				CLANG_WARN_OBJC_LITERAL_CONVERSION = YES;
				CLANG_WARN_OBJC_ROOT_CLASS = YES_ERROR;
				CLANG_WARN_QUOTED_INCLUDE_IN_FRAMEWORK_HEADER = YES;
				CLANG_WARN_RANGE_LOOP_ANALYSIS = YES;
				CLANG_WARN_STRICT_PROTOTYPES = YES;
				CLANG_WARN_SUSPICIOUS_MOVE = YES;
				CLANG_WARN_UNGUARDED_AVAILABILITY = YES_AGGRESSIVE;
				CLANG_WARN_UNREACHABLE_CODE = YES;
				CLANG_WARN__DUPLICATE_METHOD_MATCH = YES;
				COPY_PHASE_STRIP = NO;
				DEBUG_INFORMATION_FORMAT = "dwarf-with-dsym";
				ENABLE_NS_ASSERTIONS = NO;
				ENABLE_STRICT_OBJC_MSGSEND = YES;
				ENABLE_USER_SCRIPT_SANDBOXING = YES;
				GCC_C_LANGUAGE_STANDARD = gnu17;
				GCC_NO_COMMON_BLOCKS = YES;
				GCC_WARN_64_TO_32_BIT_CONVERSION = YES;
				GCC_WARN_ABOUT_RETURN_TYPE = YES_ERROR;
				GCC_WARN_UNDECLARED_SELECTOR = YES;
				GCC_WARN_UNINITIALIZED_AUTOS = YES_AGGRESSIVE;
				GCC_WARN_UNUSED_FUNCTION = YES;
				GCC_WARN_UNUSED_VARIABLE = YES;
				IPHONEOS_DEPLOYMENT_TARGET = 17.2;
				LOCALIZATION_PREFERS_STRING_CATALOGS = YES;
				MTL_ENABLE_DEBUG_INFO = NO;
				MTL_FAST_MATH = YES;
				SDKROOT = iphoneos;
				SWIFT_COMPILATION_MODE = wholemodule;
				VALIDATE_PRODUCT = YES;
			};
			name = Release;
		};
		007EC2A92CB973DC005ACF95 /* Debug */ = {
			isa = XCBuildConfiguration;
			buildSettings = {
				ASSETCATALOG_COMPILER_APPICON_NAME = AppIcon;
				ASSETCATALOG_COMPILER_GLOBAL_ACCENT_COLOR_NAME = AccentColor;
				CODE_SIGN_STYLE = Automatic;
				CURRENT_PROJECT_VERSION = 1;
				DEVELOPMENT_TEAM = LNZ4277YX9;
				GENERATE_INFOPLIST_FILE = YES;
				INFOPLIST_FILE = SOPT/Info.plist;
				INFOPLIST_KEY_UIApplicationSupportsIndirectInputEvents = YES;
				INFOPLIST_KEY_UILaunchStoryboardName = LaunchScreen;
				INFOPLIST_KEY_UIMainStoryboardFile = Main;
				INFOPLIST_KEY_UISupportedInterfaceOrientations_iPad = "UIInterfaceOrientationPortrait UIInterfaceOrientationPortraitUpsideDown UIInterfaceOrientationLandscapeLeft UIInterfaceOrientationLandscapeRight";
				INFOPLIST_KEY_UISupportedInterfaceOrientations_iPhone = "UIInterfaceOrientationPortrait UIInterfaceOrientationLandscapeLeft UIInterfaceOrientationLandscapeRight";
				LD_RUNPATH_SEARCH_PATHS = (
					"$(inherited)",
					"@executable_path/Frameworks",
				);
				MARKETING_VERSION = 1.0;
				PRODUCT_BUNDLE_IDENTIFIER = hongsee.SOPT;
				PRODUCT_NAME = "$(TARGET_NAME)";
				SWIFT_EMIT_LOC_STRINGS = YES;
				SWIFT_VERSION = 5.0;
				TARGETED_DEVICE_FAMILY = "1,2";
			};
			name = Debug;
		};
		007EC2AA2CB973DC005ACF95 /* Release */ = {
			isa = XCBuildConfiguration;
			buildSettings = {
				ASSETCATALOG_COMPILER_APPICON_NAME = AppIcon;
				ASSETCATALOG_COMPILER_GLOBAL_ACCENT_COLOR_NAME = AccentColor;
				CODE_SIGN_STYLE = Automatic;
				CURRENT_PROJECT_VERSION = 1;
				DEVELOPMENT_TEAM = LNZ4277YX9;
				GENERATE_INFOPLIST_FILE = YES;
				INFOPLIST_FILE = SOPT/Info.plist;
				INFOPLIST_KEY_UIApplicationSupportsIndirectInputEvents = YES;
				INFOPLIST_KEY_UILaunchStoryboardName = LaunchScreen;
				INFOPLIST_KEY_UIMainStoryboardFile = Main;
				INFOPLIST_KEY_UISupportedInterfaceOrientations_iPad = "UIInterfaceOrientationPortrait UIInterfaceOrientationPortraitUpsideDown UIInterfaceOrientationLandscapeLeft UIInterfaceOrientationLandscapeRight";
				INFOPLIST_KEY_UISupportedInterfaceOrientations_iPhone = "UIInterfaceOrientationPortrait UIInterfaceOrientationLandscapeLeft UIInterfaceOrientationLandscapeRight";
				LD_RUNPATH_SEARCH_PATHS = (
					"$(inherited)",
					"@executable_path/Frameworks",
				);
				MARKETING_VERSION = 1.0;
				PRODUCT_BUNDLE_IDENTIFIER = hongsee.SOPT;
				PRODUCT_NAME = "$(TARGET_NAME)";
				SWIFT_EMIT_LOC_STRINGS = YES;
				SWIFT_VERSION = 5.0;
				TARGETED_DEVICE_FAMILY = "1,2";
			};
			name = Release;
		};
/* End XCBuildConfiguration section */

/* Begin XCConfigurationList section */
		007EC28F2CB973DB005ACF95 /* Build configuration list for PBXProject "SOPT" */ = {
			isa = XCConfigurationList;
			buildConfigurations = (
				007EC2A62CB973DC005ACF95 /* Debug */,
				007EC2A72CB973DC005ACF95 /* Release */,
			);
			defaultConfigurationIsVisible = 0;
			defaultConfigurationName = Release;
		};
		007EC2A82CB973DC005ACF95 /* Build configuration list for PBXNativeTarget "SOPT" */ = {
			isa = XCConfigurationList;
			buildConfigurations = (
				007EC2A92CB973DC005ACF95 /* Debug */,
				007EC2AA2CB973DC005ACF95 /* Release */,
			);
			defaultConfigurationIsVisible = 0;
			defaultConfigurationName = Release;
		};
/* End XCConfigurationList section */

/* Begin XCRemoteSwiftPackageReference section */
		001038452CD226B9007C2085 /* XCRemoteSwiftPackageReference "Then" */ = {
			isa = XCRemoteSwiftPackageReference;
			repositoryURL = "https://github.com/devxoul/Then";
			requirement = {
				kind = upToNextMajorVersion;
				minimumVersion = 3.0.0;
			};
		};
		0073BF382CBFA2A1000E6314 /* XCRemoteSwiftPackageReference "SnapKit" */ = {
			isa = XCRemoteSwiftPackageReference;
			repositoryURL = "https://github.com/SnapKit/SnapKit.git";
			requirement = {
				kind = upToNextMajorVersion;
				minimumVersion = 5.7.1;
			};
		};
/* End XCRemoteSwiftPackageReference section */

/* Begin XCSwiftPackageProductDependency section */
		001038462CD226B9007C2085 /* Then */ = {
			isa = XCSwiftPackageProductDependency;
			package = 001038452CD226B9007C2085 /* XCRemoteSwiftPackageReference "Then" */;
			productName = Then;
		};
		0073BF392CBFA2A1000E6314 /* SnapKit */ = {
			isa = XCSwiftPackageProductDependency;
			package = 0073BF382CBFA2A1000E6314 /* XCRemoteSwiftPackageReference "SnapKit" */;
			productName = SnapKit;
		};
/* End XCSwiftPackageProductDependency section */
	};
	rootObject = 007EC28C2CB973DB005ACF95 /* Project object */;
}
