// !$*UTF8*$!
{
	archiveVersion = 1;
	classes = {
	};
	objectVersion = 56;
	objects = {

/* Begin PBXBuildFile section */
		0010383E2CD22590007C2085 /* ChartCell.swift in Sources */ = {isa = PBXBuildFile; fileRef = 0010383D2CD22590007C2085 /* ChartCell.swift */; };
		001038402CD225A4007C2085 /* ChartViewController.swift in Sources */ = {isa = PBXBuildFile; fileRef = 0010383F2CD225A4007C2085 /* ChartViewController.swift */; };
		001038422CD225B7007C2085 /* App.swift in Sources */ = {isa = PBXBuildFile; fileRef = 001038412CD225B7007C2085 /* App.swift */; };
		001038442CD225CA007C2085 /* DownloadState.swift in Sources */ = {isa = PBXBuildFile; fileRef = 001038432CD225CA007C2085 /* DownloadState.swift */; };
		001038472CD226B9007C2085 /* Then in Frameworks */ = {isa = PBXBuildFile; productRef = 001038462CD226B9007C2085 /* Then */; };
		0010384A2CD22CC2007C2085 /* Photo.swift in Sources */ = {isa = PBXBuildFile; fileRef = 001038492CD22CC2007C2085 /* Photo.swift */; };
		0010384C2CD22D7D007C2085 /* PhotoViewController.swift in Sources */ = {isa = PBXBuildFile; fileRef = 0010384B2CD22D7D007C2085 /* PhotoViewController.swift */; };
		0010384E2CD22EF2007C2085 /* PhotoCell.swift in Sources */ = {isa = PBXBuildFile; fileRef = 0010384D2CD22EF2007C2085 /* PhotoCell.swift */; };
		00127AEE2CC1EBC200A606C6 /* InfoView.swift in Sources */ = {isa = PBXBuildFile; fileRef = 00127AED2CC1EBC200A606C6 /* InfoView.swift */; };
		00401EE02CC0D6E00078F3FF /* .gitignore in Resources */ = {isa = PBXBuildFile; fileRef = 00401EDF2CC0D6E00078F3FF /* .gitignore */; };
		00401EE22CC0D8FE0078F3FF /* TossViewController.swift in Sources */ = {isa = PBXBuildFile; fileRef = 00401EE12CC0D8FE0078F3FF /* TossViewController.swift */; };
		00401EE62CC0DB9D0078F3FF /* UIView+.swift in Sources */ = {isa = PBXBuildFile; fileRef = 00401EE52CC0DB9D0078F3FF /* UIView+.swift */; };
		0049863D2CC7F68E006CD84C /* NoticeView.swift in Sources */ = {isa = PBXBuildFile; fileRef = 0049863C2CC7F68E006CD84C /* NoticeView.swift */; };
		0049863F2CC8013A006CD84C /* VersionViewController.swift in Sources */ = {isa = PBXBuildFile; fileRef = 0049863E2CC8013A006CD84C /* VersionViewController.swift */; };
		004986412CC80962006CD84C /* PreviewView.swift in Sources */ = {isa = PBXBuildFile; fileRef = 004986402CC80962006CD84C /* PreviewView.swift */; };
		004986432CC813D6006CD84C /* DescriptionView.swift in Sources */ = {isa = PBXBuildFile; fileRef = 004986422CC813D6006CD84C /* DescriptionView.swift */; };
		004986452CC81B36006CD84C /* DeveloperView.swift in Sources */ = {isa = PBXBuildFile; fileRef = 004986442CC81B36006CD84C /* DeveloperView.swift */; };
		0057ACE02CDB00FE0020BDB0 /* Alamofire in Frameworks */ = {isa = PBXBuildFile; productRef = 0057ACDF2CDB00FE0020BDB0 /* Alamofire */; };
		0057ACE52CDB08A30020BDB0 /* SignUpRequest.swift in Sources */ = {isa = PBXBuildFile; fileRef = 0057ACE42CDB08A30020BDB0 /* SignUpRequest.swift */; };
		0057ACE72CDB08DE0020BDB0 /* SignUpService.swift in Sources */ = {isa = PBXBuildFile; fileRef = 0057ACE62CDB08DE0020BDB0 /* SignUpService.swift */; };
		0057ACE92CDB09600020BDB0 /* Environment.swift in Sources */ = {isa = PBXBuildFile; fileRef = 0057ACE82CDB09600020BDB0 /* Environment.swift */; };
		0057ACEC2CDB09C00020BDB0 /* NetworkError.swift in Sources */ = {isa = PBXBuildFile; fileRef = 0057ACEB2CDB09C00020BDB0 /* NetworkError.swift */; };
		0057ACEE2CDB0B740020BDB0 /* SignUpViewController.swift in Sources */ = {isa = PBXBuildFile; fileRef = 0057ACED2CDB0B740020BDB0 /* SignUpViewController.swift */; };
		0072737A2CD3ED5100F81D44 /* EssentialAppViewController.swift in Sources */ = {isa = PBXBuildFile; fileRef = 007273792CD3ED5100F81D44 /* EssentialAppViewController.swift */; };
		0072737E2CD3F83600F81D44 /* EssentialAppHeaderView.swift in Sources */ = {isa = PBXBuildFile; fileRef = 0072737D2CD3F83600F81D44 /* EssentialAppHeaderView.swift */; };
		007273802CD3FA4F00F81D44 /* EssentialAppCell.swift in Sources */ = {isa = PBXBuildFile; fileRef = 0072737F2CD3FA4F00F81D44 /* EssentialAppCell.swift */; };
		007273822CD3FA6500F81D44 /* EssentialAppModel.swift in Sources */ = {isa = PBXBuildFile; fileRef = 007273812CD3FA6500F81D44 /* EssentialAppModel.swift */; };
		007273862CD4957400F81D44 /* RankAppHeaderView.swift in Sources */ = {isa = PBXBuildFile; fileRef = 007273852CD4957400F81D44 /* RankAppHeaderView.swift */; };
		007273882CD497B900F81D44 /* PaidAppModel.swift in Sources */ = {isa = PBXBuildFile; fileRef = 007273872CD497B900F81D44 /* PaidAppModel.swift */; };
		0072738A2CD4A93200F81D44 /* PaidAppViewController.swift in Sources */ = {isa = PBXBuildFile; fileRef = 007273892CD4A93200F81D44 /* PaidAppViewController.swift */; };
		0072738C2CD4AD2A00F81D44 /* RankAppCell.swift in Sources */ = {isa = PBXBuildFile; fileRef = 0072738B2CD4AD2A00F81D44 /* RankAppCell.swift */; };
		0072738E2CD4B10500F81D44 /* FreeAppViewController.swift in Sources */ = {isa = PBXBuildFile; fileRef = 0072738D2CD4B10500F81D44 /* FreeAppViewController.swift */; };
		007273902CD4B1AA00F81D44 /* FreeAppModel.swift in Sources */ = {isa = PBXBuildFile; fileRef = 0072738F2CD4B1AA00F81D44 /* FreeAppModel.swift */; };
		007273922CD4B81B00F81D44 /* PopularChartViewController.swift in Sources */ = {isa = PBXBuildFile; fileRef = 007273912CD4B81B00F81D44 /* PopularChartViewController.swift */; };
		007273942CD4D17400F81D44 /* PopularChartCell.swift in Sources */ = {isa = PBXBuildFile; fileRef = 007273932CD4D17400F81D44 /* PopularChartCell.swift */; };
		007273972CD4DC1B00F81D44 /* PreviewImageModel.swift in Sources */ = {isa = PBXBuildFile; fileRef = 007273962CD4DC1B00F81D44 /* PreviewImageModel.swift */; };
		0072739A2CD4DE0E00F81D44 /* PreviewImageCell.swift in Sources */ = {isa = PBXBuildFile; fileRef = 007273992CD4DE0E00F81D44 /* PreviewImageCell.swift */; };
		0072739C2CD4E7DF00F81D44 /* ReviewModel.swift in Sources */ = {isa = PBXBuildFile; fileRef = 0072739B2CD4E7DF00F81D44 /* ReviewModel.swift */; };
		0072739E2CD4EA7A00F81D44 /* ReviewCell.swift in Sources */ = {isa = PBXBuildFile; fileRef = 0072739D2CD4EA7A00F81D44 /* ReviewCell.swift */; };
		0073BF372CBFA208000E6314 /* ColorsViewController.swift in Sources */ = {isa = PBXBuildFile; fileRef = 0073BF362CBFA208000E6314 /* ColorsViewController.swift */; };
		0073BF3A2CBFA2A1000E6314 /* SnapKit in Frameworks */ = {isa = PBXBuildFile; productRef = 0073BF392CBFA2A1000E6314 /* SnapKit */; };
		007B753A2CC87A0200155F27 /* StatView.swift in Sources */ = {isa = PBXBuildFile; fileRef = 007B75392CC87A0200155F27 /* StatView.swift */; };
		007B753C2CC8853800155F27 /* ReviewViewController.swift in Sources */ = {isa = PBXBuildFile; fileRef = 007B753B2CC8853800155F27 /* ReviewViewController.swift */; };
		007B753E2CC8870800155F27 /* ReviewView.swift in Sources */ = {isa = PBXBuildFile; fileRef = 007B753D2CC8870800155F27 /* ReviewView.swift */; };
		007EC2982CB973DB005ACF95 /* AppDelegate.swift in Sources */ = {isa = PBXBuildFile; fileRef = 007EC2972CB973DB005ACF95 /* AppDelegate.swift */; };
		007EC29A2CB973DB005ACF95 /* SceneDelegate.swift in Sources */ = {isa = PBXBuildFile; fileRef = 007EC2992CB973DB005ACF95 /* SceneDelegate.swift */; };
		007EC29C2CB973DB005ACF95 /* ViewController.swift in Sources */ = {isa = PBXBuildFile; fileRef = 007EC29B2CB973DB005ACF95 /* ViewController.swift */; };
		007EC29F2CB973DB005ACF95 /* Main.storyboard in Resources */ = {isa = PBXBuildFile; fileRef = 007EC29D2CB973DB005ACF95 /* Main.storyboard */; };
		007EC2A12CB973DC005ACF95 /* Assets.xcassets in Resources */ = {isa = PBXBuildFile; fileRef = 007EC2A02CB973DC005ACF95 /* Assets.xcassets */; };
		007EC2A42CB973DC005ACF95 /* LaunchScreen.storyboard in Resources */ = {isa = PBXBuildFile; fileRef = 007EC2A22CB973DC005ACF95 /* LaunchScreen.storyboard */; };
		007EC2AC2CB97412005ACF95 /* DetailViewController.swift in Sources */ = {isa = PBXBuildFile; fileRef = 007EC2AB2CB97412005ACF95 /* DetailViewController.swift */; };
		00B56FD82CDD1C7300EF709A /* LoginViewController.swift in Sources */ = {isa = PBXBuildFile; fileRef = 00B56FD72CDD1C7300EF709A /* LoginViewController.swift */; };
		00B56FDA2CDD1C9500EF709A /* LoginService.swift in Sources */ = {isa = PBXBuildFile; fileRef = 00B56FD92CDD1C9500EF709A /* LoginService.swift */; };
		00B56FDC2CDD1CB800EF709A /* LoginRequest.swift in Sources */ = {isa = PBXBuildFile; fileRef = 00B56FDB2CDD1CB800EF709A /* LoginRequest.swift */; };
		00B56FDE2CDD1D0C00EF709A /* LoginResult.swift in Sources */ = {isa = PBXBuildFile; fileRef = 00B56FDD2CDD1D0C00EF709A /* LoginResult.swift */; };
		00B56FE12CDD1E2500EF709A /* MyHobbyViewController.swift in Sources */ = {isa = PBXBuildFile; fileRef = 00B56FE02CDD1E2500EF709A /* MyHobbyViewController.swift */; };
		00B56FE32CDD1E5700EF709A /* MyHobbyService.swift in Sources */ = {isa = PBXBuildFile; fileRef = 00B56FE22CDD1E5700EF709A /* MyHobbyService.swift */; };
		00B56FE52CDD1FF800EF709A /* HobbyResult.swift in Sources */ = {isa = PBXBuildFile; fileRef = 00B56FE42CDD1FF800EF709A /* HobbyResult.swift */; };
		00B56FE82CDD268600EF709A /* HisHobbyViewController.swift in Sources */ = {isa = PBXBuildFile; fileRef = 00B56FE72CDD268600EF709A /* HisHobbyViewController.swift */; };
		00B56FEA2CDD26F900EF709A /* HisHobbyService.swift in Sources */ = {isa = PBXBuildFile; fileRef = 00B56FE92CDD26F900EF709A /* HisHobbyService.swift */; };
		00B56FED2CDD28F000EF709A /* EditInfoViewController.swift in Sources */ = {isa = PBXBuildFile; fileRef = 00B56FEC2CDD28F000EF709A /* EditInfoViewController.swift */; };
		00B56FEF2CDD29AF00EF709A /* EditService.swift in Sources */ = {isa = PBXBuildFile; fileRef = 00B56FEE2CDD29AF00EF709A /* EditService.swift */; };
		00B56FF12CDD2F4900EF709A /* EditRequest.swift in Sources */ = {isa = PBXBuildFile; fileRef = 00B56FF02CDD2F4900EF709A /* EditRequest.swift */; };
		00B56FF32CDD32C100EF709A /* ServerViewController.swift in Sources */ = {isa = PBXBuildFile; fileRef = 00B56FF22CDD32C100EF709A /* ServerViewController.swift */; };
		00D3665D2CD35D4400F40F42 /* FinAppViewController.swift in Sources */ = {isa = PBXBuildFile; fileRef = 00D3665C2CD35D4400F40F42 /* FinAppViewController.swift */; };
		00D3665F2CD3720900F40F42 /* RecommendViewController.swift in Sources */ = {isa = PBXBuildFile; fileRef = 00D3665E2CD3720900F40F42 /* RecommendViewController.swift */; };
		00D366612CD3777C00F40F42 /* RecommendModel.swift in Sources */ = {isa = PBXBuildFile; fileRef = 00D366602CD3777C00F40F42 /* RecommendModel.swift */; };
		00D366652CD379B200F40F42 /* RecommendCell.swift in Sources */ = {isa = PBXBuildFile; fileRef = 00D366642CD379B200F40F42 /* RecommendCell.swift */; };
		00D943AE2CDDCC1E00A34720 /* MainTabBarController.swift in Sources */ = {isa = PBXBuildFile; fileRef = 00D943AD2CDDCC1E00A34720 /* MainTabBarController.swift */; };
		00DA67A72CD1BB2400F3C7BE /* UIStackView+.swift in Sources */ = {isa = PBXBuildFile; fileRef = 00DA67A62CD1BB2400F3C7BE /* UIStackView+.swift */; };
		00FF73382CC1E076001218BD /* TitleView.swift in Sources */ = {isa = PBXBuildFile; fileRef = 00FF73372CC1E076001218BD /* TitleView.swift */; };
/* End PBXBuildFile section */

/* Begin PBXFileReference section */
		0010383D2CD22590007C2085 /* ChartCell.swift */ = {isa = PBXFileReference; lastKnownFileType = sourcecode.swift; path = ChartCell.swift; sourceTree = "<group>"; };
		0010383F2CD225A4007C2085 /* ChartViewController.swift */ = {isa = PBXFileReference; lastKnownFileType = sourcecode.swift; path = ChartViewController.swift; sourceTree = "<group>"; };
		001038412CD225B7007C2085 /* App.swift */ = {isa = PBXFileReference; lastKnownFileType = sourcecode.swift; path = App.swift; sourceTree = "<group>"; };
		001038432CD225CA007C2085 /* DownloadState.swift */ = {isa = PBXFileReference; lastKnownFileType = sourcecode.swift; path = DownloadState.swift; sourceTree = "<group>"; };
		001038492CD22CC2007C2085 /* Photo.swift */ = {isa = PBXFileReference; lastKnownFileType = sourcecode.swift; path = Photo.swift; sourceTree = "<group>"; };
		0010384B2CD22D7D007C2085 /* PhotoViewController.swift */ = {isa = PBXFileReference; lastKnownFileType = sourcecode.swift; path = PhotoViewController.swift; sourceTree = "<group>"; };
		0010384D2CD22EF2007C2085 /* PhotoCell.swift */ = {isa = PBXFileReference; lastKnownFileType = sourcecode.swift; path = PhotoCell.swift; sourceTree = "<group>"; };
		00127AED2CC1EBC200A606C6 /* InfoView.swift */ = {isa = PBXFileReference; lastKnownFileType = sourcecode.swift; path = InfoView.swift; sourceTree = "<group>"; };
		00401EDF2CC0D6E00078F3FF /* .gitignore */ = {isa = PBXFileReference; lastKnownFileType = text; path = .gitignore; sourceTree = "<group>"; };
		00401EE12CC0D8FE0078F3FF /* TossViewController.swift */ = {isa = PBXFileReference; lastKnownFileType = sourcecode.swift; path = TossViewController.swift; sourceTree = "<group>"; };
		00401EE52CC0DB9D0078F3FF /* UIView+.swift */ = {isa = PBXFileReference; lastKnownFileType = sourcecode.swift; path = "UIView+.swift"; sourceTree = "<group>"; };
		0049863C2CC7F68E006CD84C /* NoticeView.swift */ = {isa = PBXFileReference; lastKnownFileType = sourcecode.swift; path = NoticeView.swift; sourceTree = "<group>"; };
		0049863E2CC8013A006CD84C /* VersionViewController.swift */ = {isa = PBXFileReference; lastKnownFileType = sourcecode.swift; path = VersionViewController.swift; sourceTree = "<group>"; };
		004986402CC80962006CD84C /* PreviewView.swift */ = {isa = PBXFileReference; lastKnownFileType = sourcecode.swift; path = PreviewView.swift; sourceTree = "<group>"; };
		004986422CC813D6006CD84C /* DescriptionView.swift */ = {isa = PBXFileReference; lastKnownFileType = sourcecode.swift; path = DescriptionView.swift; sourceTree = "<group>"; };
		004986442CC81B36006CD84C /* DeveloperView.swift */ = {isa = PBXFileReference; lastKnownFileType = sourcecode.swift; path = DeveloperView.swift; sourceTree = "<group>"; };
		0057ACE12CDB033A0020BDB0 /* Config.xcconfig */ = {isa = PBXFileReference; lastKnownFileType = text.xcconfig; path = Config.xcconfig; sourceTree = "<group>"; };
		0057ACE42CDB08A30020BDB0 /* SignUpRequest.swift */ = {isa = PBXFileReference; lastKnownFileType = sourcecode.swift; path = SignUpRequest.swift; sourceTree = "<group>"; };
		0057ACE62CDB08DE0020BDB0 /* SignUpService.swift */ = {isa = PBXFileReference; lastKnownFileType = sourcecode.swift; path = SignUpService.swift; sourceTree = "<group>"; };
		0057ACE82CDB09600020BDB0 /* Environment.swift */ = {isa = PBXFileReference; lastKnownFileType = sourcecode.swift; path = "\U0010Environment.swift"; sourceTree = "<group>"; };
		0057ACEB2CDB09C00020BDB0 /* NetworkError.swift */ = {isa = PBXFileReference; lastKnownFileType = sourcecode.swift; path = NetworkError.swift; sourceTree = "<group>"; };
		0057ACED2CDB0B740020BDB0 /* SignUpViewController.swift */ = {isa = PBXFileReference; lastKnownFileType = sourcecode.swift; path = SignUpViewController.swift; sourceTree = "<group>"; };
		007273792CD3ED5100F81D44 /* EssentialAppViewController.swift */ = {isa = PBXFileReference; lastKnownFileType = sourcecode.swift; path = EssentialAppViewController.swift; sourceTree = "<group>"; };
		0072737D2CD3F83600F81D44 /* EssentialAppHeaderView.swift */ = {isa = PBXFileReference; lastKnownFileType = sourcecode.swift; path = EssentialAppHeaderView.swift; sourceTree = "<group>"; };
		0072737F2CD3FA4F00F81D44 /* EssentialAppCell.swift */ = {isa = PBXFileReference; lastKnownFileType = sourcecode.swift; path = EssentialAppCell.swift; sourceTree = "<group>"; };
		007273812CD3FA6500F81D44 /* EssentialAppModel.swift */ = {isa = PBXFileReference; lastKnownFileType = sourcecode.swift; path = EssentialAppModel.swift; sourceTree = "<group>"; };
		007273852CD4957400F81D44 /* RankAppHeaderView.swift */ = {isa = PBXFileReference; lastKnownFileType = sourcecode.swift; path = RankAppHeaderView.swift; sourceTree = "<group>"; };
		007273872CD497B900F81D44 /* PaidAppModel.swift */ = {isa = PBXFileReference; lastKnownFileType = sourcecode.swift; path = PaidAppModel.swift; sourceTree = "<group>"; };
		007273892CD4A93200F81D44 /* PaidAppViewController.swift */ = {isa = PBXFileReference; lastKnownFileType = sourcecode.swift; path = PaidAppViewController.swift; sourceTree = "<group>"; };
		0072738B2CD4AD2A00F81D44 /* RankAppCell.swift */ = {isa = PBXFileReference; lastKnownFileType = sourcecode.swift; path = RankAppCell.swift; sourceTree = "<group>"; };
		0072738D2CD4B10500F81D44 /* FreeAppViewController.swift */ = {isa = PBXFileReference; lastKnownFileType = sourcecode.swift; path = FreeAppViewController.swift; sourceTree = "<group>"; };
		0072738F2CD4B1AA00F81D44 /* FreeAppModel.swift */ = {isa = PBXFileReference; lastKnownFileType = sourcecode.swift; path = FreeAppModel.swift; sourceTree = "<group>"; };
		007273912CD4B81B00F81D44 /* PopularChartViewController.swift */ = {isa = PBXFileReference; lastKnownFileType = sourcecode.swift; path = PopularChartViewController.swift; sourceTree = "<group>"; };
		007273932CD4D17400F81D44 /* PopularChartCell.swift */ = {isa = PBXFileReference; lastKnownFileType = sourcecode.swift; path = PopularChartCell.swift; sourceTree = "<group>"; };
		007273962CD4DC1B00F81D44 /* PreviewImageModel.swift */ = {isa = PBXFileReference; lastKnownFileType = sourcecode.swift; path = PreviewImageModel.swift; sourceTree = "<group>"; };
		007273992CD4DE0E00F81D44 /* PreviewImageCell.swift */ = {isa = PBXFileReference; lastKnownFileType = sourcecode.swift; path = PreviewImageCell.swift; sourceTree = "<group>"; };
		0072739B2CD4E7DF00F81D44 /* ReviewModel.swift */ = {isa = PBXFileReference; lastKnownFileType = sourcecode.swift; path = ReviewModel.swift; sourceTree = "<group>"; };
		0072739D2CD4EA7A00F81D44 /* ReviewCell.swift */ = {isa = PBXFileReference; lastKnownFileType = sourcecode.swift; path = ReviewCell.swift; sourceTree = "<group>"; };
		0073BF362CBFA208000E6314 /* ColorsViewController.swift */ = {isa = PBXFileReference; lastKnownFileType = sourcecode.swift; path = ColorsViewController.swift; sourceTree = "<group>"; };
		007B75392CC87A0200155F27 /* StatView.swift */ = {isa = PBXFileReference; lastKnownFileType = sourcecode.swift; path = StatView.swift; sourceTree = "<group>"; };
		007B753B2CC8853800155F27 /* ReviewViewController.swift */ = {isa = PBXFileReference; lastKnownFileType = sourcecode.swift; path = ReviewViewController.swift; sourceTree = "<group>"; };
		007B753D2CC8870800155F27 /* ReviewView.swift */ = {isa = PBXFileReference; lastKnownFileType = sourcecode.swift; path = ReviewView.swift; sourceTree = "<group>"; };
		007EC2942CB973DB005ACF95 /* SOPT.app */ = {isa = PBXFileReference; explicitFileType = wrapper.application; includeInIndex = 0; path = SOPT.app; sourceTree = BUILT_PRODUCTS_DIR; };
		007EC2972CB973DB005ACF95 /* AppDelegate.swift */ = {isa = PBXFileReference; lastKnownFileType = sourcecode.swift; path = AppDelegate.swift; sourceTree = "<group>"; };
		007EC2992CB973DB005ACF95 /* SceneDelegate.swift */ = {isa = PBXFileReference; lastKnownFileType = sourcecode.swift; path = SceneDelegate.swift; sourceTree = "<group>"; };
		007EC29B2CB973DB005ACF95 /* ViewController.swift */ = {isa = PBXFileReference; lastKnownFileType = sourcecode.swift; path = ViewController.swift; sourceTree = "<group>"; };
		007EC29E2CB973DB005ACF95 /* Base */ = {isa = PBXFileReference; lastKnownFileType = file.storyboard; name = Base; path = Base.lproj/Main.storyboard; sourceTree = "<group>"; };
		007EC2A02CB973DC005ACF95 /* Assets.xcassets */ = {isa = PBXFileReference; lastKnownFileType = folder.assetcatalog; path = Assets.xcassets; sourceTree = "<group>"; };
		007EC2A32CB973DC005ACF95 /* Base */ = {isa = PBXFileReference; lastKnownFileType = file.storyboard; name = Base; path = Base.lproj/LaunchScreen.storyboard; sourceTree = "<group>"; };
		007EC2A52CB973DC005ACF95 /* Info.plist */ = {isa = PBXFileReference; lastKnownFileType = text.plist.xml; path = Info.plist; sourceTree = "<group>"; };
		007EC2AB2CB97412005ACF95 /* DetailViewController.swift */ = {isa = PBXFileReference; lastKnownFileType = sourcecode.swift; path = DetailViewController.swift; sourceTree = "<group>"; };
		00B56FD72CDD1C7300EF709A /* LoginViewController.swift */ = {isa = PBXFileReference; lastKnownFileType = sourcecode.swift; path = LoginViewController.swift; sourceTree = "<group>"; };
		00B56FD92CDD1C9500EF709A /* LoginService.swift */ = {isa = PBXFileReference; lastKnownFileType = sourcecode.swift; path = LoginService.swift; sourceTree = "<group>"; };
		00B56FDB2CDD1CB800EF709A /* LoginRequest.swift */ = {isa = PBXFileReference; lastKnownFileType = sourcecode.swift; path = LoginRequest.swift; sourceTree = "<group>"; };
		00B56FDD2CDD1D0C00EF709A /* LoginResult.swift */ = {isa = PBXFileReference; lastKnownFileType = sourcecode.swift; path = LoginResult.swift; sourceTree = "<group>"; };
		00B56FE02CDD1E2500EF709A /* MyHobbyViewController.swift */ = {isa = PBXFileReference; lastKnownFileType = sourcecode.swift; path = MyHobbyViewController.swift; sourceTree = "<group>"; };
		00B56FE22CDD1E5700EF709A /* MyHobbyService.swift */ = {isa = PBXFileReference; lastKnownFileType = sourcecode.swift; path = MyHobbyService.swift; sourceTree = "<group>"; };
		00B56FE42CDD1FF800EF709A /* HobbyResult.swift */ = {isa = PBXFileReference; lastKnownFileType = sourcecode.swift; path = HobbyResult.swift; sourceTree = "<group>"; };
		00B56FE72CDD268600EF709A /* HisHobbyViewController.swift */ = {isa = PBXFileReference; lastKnownFileType = sourcecode.swift; path = HisHobbyViewController.swift; sourceTree = "<group>"; };
		00B56FE92CDD26F900EF709A /* HisHobbyService.swift */ = {isa = PBXFileReference; lastKnownFileType = sourcecode.swift; path = HisHobbyService.swift; sourceTree = "<group>"; };
		00B56FEC2CDD28F000EF709A /* EditInfoViewController.swift */ = {isa = PBXFileReference; lastKnownFileType = sourcecode.swift; path = EditInfoViewController.swift; sourceTree = "<group>"; };
		00B56FEE2CDD29AF00EF709A /* EditService.swift */ = {isa = PBXFileReference; lastKnownFileType = sourcecode.swift; path = EditService.swift; sourceTree = "<group>"; };
		00B56FF02CDD2F4900EF709A /* EditRequest.swift */ = {isa = PBXFileReference; lastKnownFileType = sourcecode.swift; path = EditRequest.swift; sourceTree = "<group>"; };
		00B56FF22CDD32C100EF709A /* ServerViewController.swift */ = {isa = PBXFileReference; lastKnownFileType = sourcecode.swift; path = ServerViewController.swift; sourceTree = "<group>"; };
		00D3665C2CD35D4400F40F42 /* FinAppViewController.swift */ = {isa = PBXFileReference; lastKnownFileType = sourcecode.swift; path = FinAppViewController.swift; sourceTree = "<group>"; };
		00D3665E2CD3720900F40F42 /* RecommendViewController.swift */ = {isa = PBXFileReference; lastKnownFileType = sourcecode.swift; path = RecommendViewController.swift; sourceTree = "<group>"; };
		00D366602CD3777C00F40F42 /* RecommendModel.swift */ = {isa = PBXFileReference; lastKnownFileType = sourcecode.swift; path = RecommendModel.swift; sourceTree = "<group>"; };
		00D366642CD379B200F40F42 /* RecommendCell.swift */ = {isa = PBXFileReference; lastKnownFileType = sourcecode.swift; path = RecommendCell.swift; sourceTree = "<group>"; };
		00D943AD2CDDCC1E00A34720 /* MainTabBarController.swift */ = {isa = PBXFileReference; lastKnownFileType = sourcecode.swift; path = MainTabBarController.swift; sourceTree = "<group>"; };
		00DA67A62CD1BB2400F3C7BE /* UIStackView+.swift */ = {isa = PBXFileReference; lastKnownFileType = sourcecode.swift; path = "UIStackView+.swift"; sourceTree = "<group>"; };
		00FF73372CC1E076001218BD /* TitleView.swift */ = {isa = PBXFileReference; lastKnownFileType = sourcecode.swift; path = TitleView.swift; sourceTree = "<group>"; };
/* End PBXFileReference section */

/* Begin PBXFrameworksBuildPhase section */
		007EC2912CB973DB005ACF95 /* Frameworks */ = {
			isa = PBXFrameworksBuildPhase;
			buildActionMask = 2147483647;
			files = (
				0057ACE02CDB00FE0020BDB0 /* Alamofire in Frameworks */,
				0073BF3A2CBFA2A1000E6314 /* SnapKit in Frameworks */,
				001038472CD226B9007C2085 /* Then in Frameworks */,
			);
			runOnlyForDeploymentPostprocessing = 0;
		};
/* End PBXFrameworksBuildPhase section */

/* Begin PBXGroup section */
		0010383C2CD2257D007C2085 /* TableView */ = {
			isa = PBXGroup;
			children = (
				001038412CD225B7007C2085 /* App.swift */,
				001038432CD225CA007C2085 /* DownloadState.swift */,
				0010383D2CD22590007C2085 /* ChartCell.swift */,
				0010383F2CD225A4007C2085 /* ChartViewController.swift */,
			);
			path = TableView;
			sourceTree = "<group>";
		};
		001038482CD22C8E007C2085 /* CollectionView */ = {
			isa = PBXGroup;
			children = (
				001038492CD22CC2007C2085 /* Photo.swift */,
				0010384B2CD22D7D007C2085 /* PhotoViewController.swift */,
				0010384D2CD22EF2007C2085 /* PhotoCell.swift */,
			);
			path = CollectionView;
			sourceTree = "<group>";
		};
		00401EE32CC0DB410078F3FF /* Global */ = {
			isa = PBXGroup;
			children = (
				00401EE42CC0DB760078F3FF /* Extensions */,
			);
			path = Global;
			sourceTree = "<group>";
		};
		00401EE42CC0DB760078F3FF /* Extensions */ = {
			isa = PBXGroup;
			children = (
				00401EE52CC0DB9D0078F3FF /* UIView+.swift */,
				00DA67A62CD1BB2400F3C7BE /* UIStackView+.swift */,
			);
			path = Extensions;
			sourceTree = "<group>";
		};
		0057ACE32CDB081A0020BDB0 /* SignUp */ = {
			isa = PBXGroup;
			children = (
				0057ACE62CDB08DE0020BDB0 /* SignUpService.swift */,
				0057ACED2CDB0B740020BDB0 /* SignUpViewController.swift */,
				0057ACE42CDB08A30020BDB0 /* SignUpRequest.swift */,
			);
			path = SignUp;
			sourceTree = "<group>";
		};
		0057ACEA2CDB09790020BDB0 /* Basic */ = {
			isa = PBXGroup;
			children = (
				007EC29B2CB973DB005ACF95 /* ViewController.swift */,
				007EC2AB2CB97412005ACF95 /* DetailViewController.swift */,
				0073BF362CBFA208000E6314 /* ColorsViewController.swift */,
			);
			path = Basic;
			sourceTree = "<group>";
		};
		0072737B2CD3ED5800F81D44 /* ViewController */ = {
			isa = PBXGroup;
			children = (
				00D3665E2CD3720900F40F42 /* RecommendViewController.swift */,
				007273792CD3ED5100F81D44 /* EssentialAppViewController.swift */,
				007273892CD4A93200F81D44 /* PaidAppViewController.swift */,
				0072738D2CD4B10500F81D44 /* FreeAppViewController.swift */,
				007273912CD4B81B00F81D44 /* PopularChartViewController.swift */,
			);
			path = ViewController;
			sourceTree = "<group>";
		};
		0072737C2CD3F81400F81D44 /* Header */ = {
			isa = PBXGroup;
			children = (
				0072737D2CD3F83600F81D44 /* EssentialAppHeaderView.swift */,
				007273852CD4957400F81D44 /* RankAppHeaderView.swift */,
			);
			path = Header;
			sourceTree = "<group>";
		};
		007273952CD4DC0600F81D44 /* Model */ = {
			isa = PBXGroup;
			children = (
				007273962CD4DC1B00F81D44 /* PreviewImageModel.swift */,
				0072739B2CD4E7DF00F81D44 /* ReviewModel.swift */,
			);
			path = Model;
			sourceTree = "<group>";
		};
		007273982CD4DDF200F81D44 /* Cell */ = {
			isa = PBXGroup;
			children = (
				007273992CD4DE0E00F81D44 /* PreviewImageCell.swift */,
				0072739D2CD4EA7A00F81D44 /* ReviewCell.swift */,
			);
			path = Cell;
			sourceTree = "<group>";
		};
		007EC28B2CB973DB005ACF95 = {
			isa = PBXGroup;
			children = (
				00401EDF2CC0D6E00078F3FF /* .gitignore */,
				007EC2962CB973DB005ACF95 /* SOPT */,
				007EC2952CB973DB005ACF95 /* Products */,
			);
			sourceTree = "<group>";
		};
		007EC2952CB973DB005ACF95 /* Products */ = {
			isa = PBXGroup;
			children = (
				007EC2942CB973DB005ACF95 /* SOPT.app */,
			);
			name = Products;
			sourceTree = "<group>";
		};
		007EC2962CB973DB005ACF95 /* SOPT */ = {
			isa = PBXGroup;
			children = (
				00401EE32CC0DB410078F3FF /* Global */,
				007EC2972CB973DB005ACF95 /* AppDelegate.swift */,
				007EC2992CB973DB005ACF95 /* SceneDelegate.swift */,
				00FF733A2CC1E110001218BD /* seminar */,
				00FF73392CC1E087001218BD /* week2-project */,
				00D3665B2CD35C5700F40F42 /* week3-project */,
				00B56FF42CDD36A400EF709A /* week4-project */,
				007EC29D2CB973DB005ACF95 /* Main.storyboard */,
				007EC2A02CB973DC005ACF95 /* Assets.xcassets */,
				007EC2A22CB973DC005ACF95 /* LaunchScreen.storyboard */,
				007EC2A52CB973DC005ACF95 /* Info.plist */,
				0057ACE12CDB033A0020BDB0 /* Config.xcconfig */,
			);
			path = SOPT;
			sourceTree = "<group>";
		};
		00B56FD62CDD1A2A00EF709A /* Login */ = {
			isa = PBXGroup;
			children = (
				00B56FD72CDD1C7300EF709A /* LoginViewController.swift */,
				00B56FD92CDD1C9500EF709A /* LoginService.swift */,
				00B56FDB2CDD1CB800EF709A /* LoginRequest.swift */,
				00B56FDD2CDD1D0C00EF709A /* LoginResult.swift */,
			);
			path = Login;
			sourceTree = "<group>";
		};
		00B56FDF2CDD1E1700EF709A /* MyHobby */ = {
			isa = PBXGroup;
			children = (
				00B56FE02CDD1E2500EF709A /* MyHobbyViewController.swift */,
				00B56FE22CDD1E5700EF709A /* MyHobbyService.swift */,
				00B56FE42CDD1FF800EF709A /* HobbyResult.swift */,
			);
			path = MyHobby;
			sourceTree = "<group>";
		};
		00B56FE62CDD266700EF709A /* HisHobby */ = {
			isa = PBXGroup;
			children = (
				00B56FE72CDD268600EF709A /* HisHobbyViewController.swift */,
				00B56FE92CDD26F900EF709A /* HisHobbyService.swift */,
			);
			path = HisHobby;
			sourceTree = "<group>";
		};
		00B56FEB2CDD28D000EF709A /* EditInfo */ = {
			isa = PBXGroup;
			children = (
				00B56FEC2CDD28F000EF709A /* EditInfoViewController.swift */,
				00B56FEE2CDD29AF00EF709A /* EditService.swift */,
				00B56FF02CDD2F4900EF709A /* EditRequest.swift */,
			);
			path = EditInfo;
			sourceTree = "<group>";
		};
		00B56FF42CDD36A400EF709A /* week4-project */ = {
			isa = PBXGroup;
			children = (
				00B56FF22CDD32C100EF709A /* ServerViewController.swift */,
				0057ACE32CDB081A0020BDB0 /* SignUp */,
				00B56FD62CDD1A2A00EF709A /* Login */,
				00B56FDF2CDD1E1700EF709A /* MyHobby */,
				00B56FE62CDD266700EF709A /* HisHobby */,
				00B56FEB2CDD28D000EF709A /* EditInfo */,
				0057ACEB2CDB09C00020BDB0 /* NetworkError.swift */,
				0057ACE82CDB09600020BDB0 /* Environment.swift */,
			);
			path = "week4-project";
			sourceTree = "<group>";
		};
		00D3665B2CD35C5700F40F42 /* week3-project */ = {
			isa = PBXGroup;
			children = (
				00D943AD2CDDCC1E00A34720 /* MainTabBarController.swift */,
				00D3665C2CD35D4400F40F42 /* FinAppViewController.swift */,
				0072737C2CD3F81400F81D44 /* Header */,
				00D366622CD378E000F40F42 /* Model */,
				00D366632CD3799100F40F42 /* Cell */,
				0072737B2CD3ED5800F81D44 /* ViewController */,
			);
			path = "week3-project";
			sourceTree = "<group>";
		};
		00D366622CD378E000F40F42 /* Model */ = {
			isa = PBXGroup;
			children = (
				00D366602CD3777C00F40F42 /* RecommendModel.swift */,
				007273812CD3FA6500F81D44 /* EssentialAppModel.swift */,
				007273872CD497B900F81D44 /* PaidAppModel.swift */,
				0072738F2CD4B1AA00F81D44 /* FreeAppModel.swift */,
			);
			path = Model;
			sourceTree = "<group>";
		};
		00D366632CD3799100F40F42 /* Cell */ = {
			isa = PBXGroup;
			children = (
				00D366642CD379B200F40F42 /* RecommendCell.swift */,
				0072737F2CD3FA4F00F81D44 /* EssentialAppCell.swift */,
				0072738B2CD4AD2A00F81D44 /* RankAppCell.swift */,
				007273932CD4D17400F81D44 /* PopularChartCell.swift */,
			);
			path = Cell;
			sourceTree = "<group>";
		};
		00FF73392CC1E087001218BD /* week2-project */ = {
			isa = PBXGroup;
			children = (
				007273982CD4DDF200F81D44 /* Cell */,
				007273952CD4DC0600F81D44 /* Model */,
				00401EE12CC0D8FE0078F3FF /* TossViewController.swift */,
				00FF73372CC1E076001218BD /* TitleView.swift */,
				00127AED2CC1EBC200A606C6 /* InfoView.swift */,
				0049863C2CC7F68E006CD84C /* NoticeView.swift */,
				0049863E2CC8013A006CD84C /* VersionViewController.swift */,
				004986402CC80962006CD84C /* PreviewView.swift */,
				004986422CC813D6006CD84C /* DescriptionView.swift */,
				004986442CC81B36006CD84C /* DeveloperView.swift */,
				007B75392CC87A0200155F27 /* StatView.swift */,
				007B753B2CC8853800155F27 /* ReviewViewController.swift */,
				007B753D2CC8870800155F27 /* ReviewView.swift */,
			);
			path = "week2-project";
			sourceTree = "<group>";
		};
		00FF733A2CC1E110001218BD /* seminar */ = {
			isa = PBXGroup;
			children = (
				0057ACEA2CDB09790020BDB0 /* Basic */,
				0010383C2CD2257D007C2085 /* TableView */,
				001038482CD22C8E007C2085 /* CollectionView */,
			);
			path = seminar;
			sourceTree = "<group>";
		};
/* End PBXGroup section */

/* Begin PBXNativeTarget section */
		007EC2932CB973DB005ACF95 /* SOPT */ = {
			isa = PBXNativeTarget;
			buildConfigurationList = 007EC2A82CB973DC005ACF95 /* Build configuration list for PBXNativeTarget "SOPT" */;
			buildPhases = (
				007EC2902CB973DB005ACF95 /* Sources */,
				007EC2912CB973DB005ACF95 /* Frameworks */,
				007EC2922CB973DB005ACF95 /* Resources */,
			);
			buildRules = (
			);
			dependencies = (
			);
			name = SOPT;
			packageProductDependencies = (
				0073BF392CBFA2A1000E6314 /* SnapKit */,
				001038462CD226B9007C2085 /* Then */,
				0057ACDF2CDB00FE0020BDB0 /* Alamofire */,
			);
			productName = SOPT;
			productReference = 007EC2942CB973DB005ACF95 /* SOPT.app */;
			productType = "com.apple.product-type.application";
		};
/* End PBXNativeTarget section */

/* Begin PBXProject section */
		007EC28C2CB973DB005ACF95 /* Project object */ = {
			isa = PBXProject;
			attributes = {
				BuildIndependentTargetsInParallel = 1;
				LastSwiftUpdateCheck = 1510;
				LastUpgradeCheck = 1510;
				TargetAttributes = {
					007EC2932CB973DB005ACF95 = {
						CreatedOnToolsVersion = 15.1;
					};
				};
			};
			buildConfigurationList = 007EC28F2CB973DB005ACF95 /* Build configuration list for PBXProject "SOPT" */;
			compatibilityVersion = "Xcode 14.0";
			developmentRegion = en;
			hasScannedForEncodings = 0;
			knownRegions = (
				en,
				Base,
			);
			mainGroup = 007EC28B2CB973DB005ACF95;
			packageReferences = (
				0073BF382CBFA2A1000E6314 /* XCRemoteSwiftPackageReference "SnapKit" */,
				001038452CD226B9007C2085 /* XCRemoteSwiftPackageReference "Then" */,
				0057ACDE2CDB00FE0020BDB0 /* XCRemoteSwiftPackageReference "Alamofire" */,
			);
			productRefGroup = 007EC2952CB973DB005ACF95 /* Products */;
			projectDirPath = "";
			projectRoot = "";
			targets = (
				007EC2932CB973DB005ACF95 /* SOPT */,
			);
		};
/* End PBXProject section */

/* Begin PBXResourcesBuildPhase section */
		007EC2922CB973DB005ACF95 /* Resources */ = {
			isa = PBXResourcesBuildPhase;
			buildActionMask = 2147483647;
			files = (
				00401EE02CC0D6E00078F3FF /* .gitignore in Resources */,
				007EC2A42CB973DC005ACF95 /* LaunchScreen.storyboard in Resources */,
				007EC2A12CB973DC005ACF95 /* Assets.xcassets in Resources */,
				007EC29F2CB973DB005ACF95 /* Main.storyboard in Resources */,
			);
			runOnlyForDeploymentPostprocessing = 0;
		};
/* End PBXResourcesBuildPhase section */

/* Begin PBXSourcesBuildPhase section */
		007EC2902CB973DB005ACF95 /* Sources */ = {
			isa = PBXSourcesBuildPhase;
			buildActionMask = 2147483647;
			files = (
				0073BF372CBFA208000E6314 /* ColorsViewController.swift in Sources */,
				00B56FEA2CDD26F900EF709A /* HisHobbyService.swift in Sources */,
				007273862CD4957400F81D44 /* RankAppHeaderView.swift in Sources */,
				00B56FE82CDD268600EF709A /* HisHobbyViewController.swift in Sources */,
				0010384E2CD22EF2007C2085 /* PhotoCell.swift in Sources */,
				007273942CD4D17400F81D44 /* PopularChartCell.swift in Sources */,
				0057ACEE2CDB0B740020BDB0 /* SignUpViewController.swift in Sources */,
				007EC29C2CB973DB005ACF95 /* ViewController.swift in Sources */,
				0072738C2CD4AD2A00F81D44 /* RankAppCell.swift in Sources */,
				0072738A2CD4A93200F81D44 /* PaidAppViewController.swift in Sources */,
				00D943AE2CDDCC1E00A34720 /* MainTabBarController.swift in Sources */,
				004986432CC813D6006CD84C /* DescriptionView.swift in Sources */,
				00401EE62CC0DB9D0078F3FF /* UIView+.swift in Sources */,
				00B56FEF2CDD29AF00EF709A /* EditService.swift in Sources */,
				00B56FF12CDD2F4900EF709A /* EditRequest.swift in Sources */,
				0072738E2CD4B10500F81D44 /* FreeAppViewController.swift in Sources */,
				007EC2982CB973DB005ACF95 /* AppDelegate.swift in Sources */,
				0010384C2CD22D7D007C2085 /* PhotoViewController.swift in Sources */,
				004986452CC81B36006CD84C /* DeveloperView.swift in Sources */,
				0072737E2CD3F83600F81D44 /* EssentialAppHeaderView.swift in Sources */,
				0072739A2CD4DE0E00F81D44 /* PreviewImageCell.swift in Sources */,
				00B56FDE2CDD1D0C00EF709A /* LoginResult.swift in Sources */,
				007B753C2CC8853800155F27 /* ReviewViewController.swift in Sources */,
				00DA67A72CD1BB2400F3C7BE /* UIStackView+.swift in Sources */,
				007273882CD497B900F81D44 /* PaidAppModel.swift in Sources */,
				007EC29A2CB973DB005ACF95 /* SceneDelegate.swift in Sources */,
				0072739C2CD4E7DF00F81D44 /* ReviewModel.swift in Sources */,
				00D3665F2CD3720900F40F42 /* RecommendViewController.swift in Sources */,
				001038442CD225CA007C2085 /* DownloadState.swift in Sources */,
				00B56FF32CDD32C100EF709A /* ServerViewController.swift in Sources */,
				0057ACEC2CDB09C00020BDB0 /* NetworkError.swift in Sources */,
				001038402CD225A4007C2085 /* ChartViewController.swift in Sources */,
				00B56FED2CDD28F000EF709A /* EditInfoViewController.swift in Sources */,
				0057ACE72CDB08DE0020BDB0 /* SignUpService.swift in Sources */,
				00D366612CD3777C00F40F42 /* RecommendModel.swift in Sources */,
				00B56FDA2CDD1C9500EF709A /* LoginService.swift in Sources */,
				007273822CD3FA6500F81D44 /* EssentialAppModel.swift in Sources */,
				007B753A2CC87A0200155F27 /* StatView.swift in Sources */,
				004986412CC80962006CD84C /* PreviewView.swift in Sources */,
				00B56FD82CDD1C7300EF709A /* LoginViewController.swift in Sources */,
				001038422CD225B7007C2085 /* App.swift in Sources */,
				0072737A2CD3ED5100F81D44 /* EssentialAppViewController.swift in Sources */,
				007EC2AC2CB97412005ACF95 /* DetailViewController.swift in Sources */,
				00D3665D2CD35D4400F40F42 /* FinAppViewController.swift in Sources */,
				0072739E2CD4EA7A00F81D44 /* ReviewCell.swift in Sources */,
				00401EE22CC0D8FE0078F3FF /* TossViewController.swift in Sources */,
				0057ACE92CDB09600020BDB0 /* Environment.swift in Sources */,
				007273972CD4DC1B00F81D44 /* PreviewImageModel.swift in Sources */,
				0057ACE52CDB08A30020BDB0 /* SignUpRequest.swift in Sources */,
				00B56FE32CDD1E5700EF709A /* MyHobbyService.swift in Sources */,
				007273902CD4B1AA00F81D44 /* FreeAppModel.swift in Sources */,
				007273922CD4B81B00F81D44 /* PopularChartViewController.swift in Sources */,
				0010384A2CD22CC2007C2085 /* Photo.swift in Sources */,
				00D366652CD379B200F40F42 /* RecommendCell.swift in Sources */,
				0049863F2CC8013A006CD84C /* VersionViewController.swift in Sources */,
				0010383E2CD22590007C2085 /* ChartCell.swift in Sources */,
				00127AEE2CC1EBC200A606C6 /* InfoView.swift in Sources */,
				00B56FE12CDD1E2500EF709A /* MyHobbyViewController.swift in Sources */,
				007B753E2CC8870800155F27 /* ReviewView.swift in Sources */,
				007273802CD3FA4F00F81D44 /* EssentialAppCell.swift in Sources */,
				0049863D2CC7F68E006CD84C /* NoticeView.swift in Sources */,
				00B56FE52CDD1FF800EF709A /* HobbyResult.swift in Sources */,
				00FF73382CC1E076001218BD /* TitleView.swift in Sources */,
				00B56FDC2CDD1CB800EF709A /* LoginRequest.swift in Sources */,
			);
			runOnlyForDeploymentPostprocessing = 0;
		};
/* End PBXSourcesBuildPhase section */

/* Begin PBXVariantGroup section */
		007EC29D2CB973DB005ACF95 /* Main.storyboard */ = {
			isa = PBXVariantGroup;
			children = (
				007EC29E2CB973DB005ACF95 /* Base */,
			);
			name = Main.storyboard;
			sourceTree = "<group>";
		};
		007EC2A22CB973DC005ACF95 /* LaunchScreen.storyboard */ = {
			isa = PBXVariantGroup;
			children = (
				007EC2A32CB973DC005ACF95 /* Base */,
			);
			name = LaunchScreen.storyboard;
			sourceTree = "<group>";
		};
/* End PBXVariantGroup section */

/* Begin XCBuildConfiguration section */
		007EC2A62CB973DC005ACF95 /* Debug */ = {
			isa = XCBuildConfiguration;
			baseConfigurationReference = 0057ACE12CDB033A0020BDB0 /* Config.xcconfig */;
			buildSettings = {
				ALWAYS_SEARCH_USER_PATHS = NO;
				ASSETCATALOG_COMPILER_GENERATE_SWIFT_ASSET_SYMBOL_EXTENSIONS = YES;
				CLANG_ANALYZER_NONNULL = YES;
				CLANG_ANALYZER_NUMBER_OBJECT_CONVERSION = YES_AGGRESSIVE;
				CLANG_CXX_LANGUAGE_STANDARD = "gnu++20";
				CLANG_ENABLE_MODULES = YES;
				CLANG_ENABLE_OBJC_ARC = YES;
				CLANG_ENABLE_OBJC_WEAK = YES;
				CLANG_WARN_BLOCK_CAPTURE_AUTORELEASING = YES;
				CLANG_WARN_BOOL_CONVERSION = YES;
				CLANG_WARN_COMMA = YES;
				CLANG_WARN_CONSTANT_CONVERSION = YES;
				CLANG_WARN_DEPRECATED_OBJC_IMPLEMENTATIONS = YES;
				CLANG_WARN_DIRECT_OBJC_ISA_USAGE = YES_ERROR;
				CLANG_WARN_DOCUMENTATION_COMMENTS = YES;
				CLANG_WARN_EMPTY_BODY = YES;
				CLANG_WARN_ENUM_CONVERSION = YES;
				CLANG_WARN_INFINITE_RECURSION = YES;
				CLANG_WARN_INT_CONVERSION = YES;
				CLANG_WARN_NON_LITERAL_NULL_CONVERSION = YES;
				CLANG_WARN_OBJC_IMPLICIT_RETAIN_SELF = YES;
				CLANG_WARN_OBJC_LITERAL_CONVERSION = YES;
				CLANG_WARN_OBJC_ROOT_CLASS = YES_ERROR;
				CLANG_WARN_QUOTED_INCLUDE_IN_FRAMEWORK_HEADER = YES;
				CLANG_WARN_RANGE_LOOP_ANALYSIS = YES;
				CLANG_WARN_STRICT_PROTOTYPES = YES;
				CLANG_WARN_SUSPICIOUS_MOVE = YES;
				CLANG_WARN_UNGUARDED_AVAILABILITY = YES_AGGRESSIVE;
				CLANG_WARN_UNREACHABLE_CODE = YES;
				CLANG_WARN__DUPLICATE_METHOD_MATCH = YES;
				COPY_PHASE_STRIP = NO;
				DEBUG_INFORMATION_FORMAT = dwarf;
				ENABLE_STRICT_OBJC_MSGSEND = YES;
				ENABLE_TESTABILITY = YES;
				ENABLE_USER_SCRIPT_SANDBOXING = YES;
				GCC_C_LANGUAGE_STANDARD = gnu17;
				GCC_DYNAMIC_NO_PIC = NO;
				GCC_NO_COMMON_BLOCKS = YES;
				GCC_OPTIMIZATION_LEVEL = 0;
				GCC_PREPROCESSOR_DEFINITIONS = (
					"DEBUG=1",
					"$(inherited)",
				);
				GCC_WARN_64_TO_32_BIT_CONVERSION = YES;
				GCC_WARN_ABOUT_RETURN_TYPE = YES_ERROR;
				GCC_WARN_UNDECLARED_SELECTOR = YES;
				GCC_WARN_UNINITIALIZED_AUTOS = YES_AGGRESSIVE;
				GCC_WARN_UNUSED_FUNCTION = YES;
				GCC_WARN_UNUSED_VARIABLE = YES;
				IPHONEOS_DEPLOYMENT_TARGET = 17.2;
				LOCALIZATION_PREFERS_STRING_CATALOGS = YES;
				MTL_ENABLE_DEBUG_INFO = INCLUDE_SOURCE;
				MTL_FAST_MATH = YES;
				ONLY_ACTIVE_ARCH = YES;
				SDKROOT = iphoneos;
				SWIFT_ACTIVE_COMPILATION_CONDITIONS = "DEBUG $(inherited)";
				SWIFT_OPTIMIZATION_LEVEL = "-Onone";
			};
			name = Debug;
		};
		007EC2A72CB973DC005ACF95 /* Release */ = {
			isa = XCBuildConfiguration;
			baseConfigurationReference = 0057ACE12CDB033A0020BDB0 /* Config.xcconfig */;
			buildSettings = {
				ALWAYS_SEARCH_USER_PATHS = NO;
				ASSETCATALOG_COMPILER_GENERATE_SWIFT_ASSET_SYMBOL_EXTENSIONS = YES;
				CLANG_ANALYZER_NONNULL = YES;
				CLANG_ANALYZER_NUMBER_OBJECT_CONVERSION = YES_AGGRESSIVE;
				CLANG_CXX_LANGUAGE_STANDARD = "gnu++20";
				CLANG_ENABLE_MODULES = YES;
				CLANG_ENABLE_OBJC_ARC = YES;
				CLANG_ENABLE_OBJC_WEAK = YES;
				CLANG_WARN_BLOCK_CAPTURE_AUTORELEASING = YES;
				CLANG_WARN_BOOL_CONVERSION = YES;
				CLANG_WARN_COMMA = YES;
				CLANG_WARN_CONSTANT_CONVERSION = YES;
				CLANG_WARN_DEPRECATED_OBJC_IMPLEMENTATIONS = YES;
				CLANG_WARN_DIRECT_OBJC_ISA_USAGE = YES_ERROR;
				CLANG_WARN_DOCUMENTATION_COMMENTS = YES;
				CLANG_WARN_EMPTY_BODY = YES;
				CLANG_WARN_ENUM_CONVERSION = YES;
				CLANG_WARN_INFINITE_RECURSION = YES;
				CLANG_WARN_INT_CONVERSION = YES;
				CLANG_WARN_NON_LITERAL_NULL_CONVERSION = YES;
				CLANG_WARN_OBJC_IMPLICIT_RETAIN_SELF = YES;
				CLANG_WARN_OBJC_LITERAL_CONVERSION = YES;
				CLANG_WARN_OBJC_ROOT_CLASS = YES_ERROR;
				CLANG_WARN_QUOTED_INCLUDE_IN_FRAMEWORK_HEADER = YES;
				CLANG_WARN_RANGE_LOOP_ANALYSIS = YES;
				CLANG_WARN_STRICT_PROTOTYPES = YES;
				CLANG_WARN_SUSPICIOUS_MOVE = YES;
				CLANG_WARN_UNGUARDED_AVAILABILITY = YES_AGGRESSIVE;
				CLANG_WARN_UNREACHABLE_CODE = YES;
				CLANG_WARN__DUPLICATE_METHOD_MATCH = YES;
				COPY_PHASE_STRIP = NO;
				DEBUG_INFORMATION_FORMAT = "dwarf-with-dsym";
				ENABLE_NS_ASSERTIONS = NO;
				ENABLE_STRICT_OBJC_MSGSEND = YES;
				ENABLE_USER_SCRIPT_SANDBOXING = YES;
				GCC_C_LANGUAGE_STANDARD = gnu17;
				GCC_NO_COMMON_BLOCKS = YES;
				GCC_WARN_64_TO_32_BIT_CONVERSION = YES;
				GCC_WARN_ABOUT_RETURN_TYPE = YES_ERROR;
				GCC_WARN_UNDECLARED_SELECTOR = YES;
				GCC_WARN_UNINITIALIZED_AUTOS = YES_AGGRESSIVE;
				GCC_WARN_UNUSED_FUNCTION = YES;
				GCC_WARN_UNUSED_VARIABLE = YES;
				IPHONEOS_DEPLOYMENT_TARGET = 17.2;
				LOCALIZATION_PREFERS_STRING_CATALOGS = YES;
				MTL_ENABLE_DEBUG_INFO = NO;
				MTL_FAST_MATH = YES;
				SDKROOT = iphoneos;
				SWIFT_COMPILATION_MODE = wholemodule;
				VALIDATE_PRODUCT = YES;
			};
			name = Release;
		};
		007EC2A92CB973DC005ACF95 /* Debug */ = {
			isa = XCBuildConfiguration;
			buildSettings = {
				ASSETCATALOG_COMPILER_APPICON_NAME = AppIcon;
				ASSETCATALOG_COMPILER_GLOBAL_ACCENT_COLOR_NAME = AccentColor;
				CODE_SIGN_STYLE = Automatic;
				CURRENT_PROJECT_VERSION = 1;
				DEVELOPMENT_TEAM = LNZ4277YX9;
				GENERATE_INFOPLIST_FILE = YES;
				INFOPLIST_FILE = SOPT/Info.plist;
				INFOPLIST_KEY_UIApplicationSupportsIndirectInputEvents = YES;
				INFOPLIST_KEY_UILaunchStoryboardName = LaunchScreen;
				INFOPLIST_KEY_UIMainStoryboardFile = Main;
				INFOPLIST_KEY_UISupportedInterfaceOrientations_iPad = "UIInterfaceOrientationPortrait UIInterfaceOrientationPortraitUpsideDown UIInterfaceOrientationLandscapeLeft UIInterfaceOrientationLandscapeRight";
				INFOPLIST_KEY_UISupportedInterfaceOrientations_iPhone = "UIInterfaceOrientationPortrait UIInterfaceOrientationLandscapeLeft UIInterfaceOrientationLandscapeRight";
				LD_RUNPATH_SEARCH_PATHS = (
					"$(inherited)",
					"@executable_path/Frameworks",
				);
				MARKETING_VERSION = 1.0;
				PRODUCT_BUNDLE_IDENTIFIER = hongsee.SOPT;
				PRODUCT_NAME = "$(TARGET_NAME)";
				SWIFT_EMIT_LOC_STRINGS = YES;
				SWIFT_VERSION = 5.0;
				TARGETED_DEVICE_FAMILY = "1,2";
			};
			name = Debug;
		};
		007EC2AA2CB973DC005ACF95 /* Release */ = {
			isa = XCBuildConfiguration;
			buildSettings = {
				ASSETCATALOG_COMPILER_APPICON_NAME = AppIcon;
				ASSETCATALOG_COMPILER_GLOBAL_ACCENT_COLOR_NAME = AccentColor;
				CODE_SIGN_STYLE = Automatic;
				CURRENT_PROJECT_VERSION = 1;
				DEVELOPMENT_TEAM = LNZ4277YX9;
				GENERATE_INFOPLIST_FILE = YES;
				INFOPLIST_FILE = SOPT/Info.plist;
				INFOPLIST_KEY_UIApplicationSupportsIndirectInputEvents = YES;
				INFOPLIST_KEY_UILaunchStoryboardName = LaunchScreen;
				INFOPLIST_KEY_UIMainStoryboardFile = Main;
				INFOPLIST_KEY_UISupportedInterfaceOrientations_iPad = "UIInterfaceOrientationPortrait UIInterfaceOrientationPortraitUpsideDown UIInterfaceOrientationLandscapeLeft UIInterfaceOrientationLandscapeRight";
				INFOPLIST_KEY_UISupportedInterfaceOrientations_iPhone = "UIInterfaceOrientationPortrait UIInterfaceOrientationLandscapeLeft UIInterfaceOrientationLandscapeRight";
				LD_RUNPATH_SEARCH_PATHS = (
					"$(inherited)",
					"@executable_path/Frameworks",
				);
				MARKETING_VERSION = 1.0;
				PRODUCT_BUNDLE_IDENTIFIER = hongsee.SOPT;
				PRODUCT_NAME = "$(TARGET_NAME)";
				SWIFT_EMIT_LOC_STRINGS = YES;
				SWIFT_VERSION = 5.0;
				TARGETED_DEVICE_FAMILY = "1,2";
			};
			name = Release;
		};
/* End XCBuildConfiguration section */

/* Begin XCConfigurationList section */
		007EC28F2CB973DB005ACF95 /* Build configuration list for PBXProject "SOPT" */ = {
			isa = XCConfigurationList;
			buildConfigurations = (
				007EC2A62CB973DC005ACF95 /* Debug */,
				007EC2A72CB973DC005ACF95 /* Release */,
			);
			defaultConfigurationIsVisible = 0;
			defaultConfigurationName = Release;
		};
		007EC2A82CB973DC005ACF95 /* Build configuration list for PBXNativeTarget "SOPT" */ = {
			isa = XCConfigurationList;
			buildConfigurations = (
				007EC2A92CB973DC005ACF95 /* Debug */,
				007EC2AA2CB973DC005ACF95 /* Release */,
			);
			defaultConfigurationIsVisible = 0;
			defaultConfigurationName = Release;
		};
/* End XCConfigurationList section */

/* Begin XCRemoteSwiftPackageReference section */
		001038452CD226B9007C2085 /* XCRemoteSwiftPackageReference "Then" */ = {
			isa = XCRemoteSwiftPackageReference;
			repositoryURL = "https://github.com/devxoul/Then";
			requirement = {
				kind = upToNextMajorVersion;
				minimumVersion = 3.0.0;
			};
		};
		0057ACDE2CDB00FE0020BDB0 /* XCRemoteSwiftPackageReference "Alamofire" */ = {
			isa = XCRemoteSwiftPackageReference;
			repositoryURL = "https://github.com/Alamofire/Alamofire.git";
			requirement = {
				kind = upToNextMajorVersion;
				minimumVersion = 5.10.1;
			};
		};
		0073BF382CBFA2A1000E6314 /* XCRemoteSwiftPackageReference "SnapKit" */ = {
			isa = XCRemoteSwiftPackageReference;
			repositoryURL = "https://github.com/SnapKit/SnapKit.git";
			requirement = {
				kind = upToNextMajorVersion;
				minimumVersion = 5.7.1;
			};
		};
/* End XCRemoteSwiftPackageReference section */

/* Begin XCSwiftPackageProductDependency section */
		001038462CD226B9007C2085 /* Then */ = {
			isa = XCSwiftPackageProductDependency;
			package = 001038452CD226B9007C2085 /* XCRemoteSwiftPackageReference "Then" */;
			productName = Then;
		};
		0057ACDF2CDB00FE0020BDB0 /* Alamofire */ = {
			isa = XCSwiftPackageProductDependency;
			package = 0057ACDE2CDB00FE0020BDB0 /* XCRemoteSwiftPackageReference "Alamofire" */;
			productName = Alamofire;
		};
		0073BF392CBFA2A1000E6314 /* SnapKit */ = {
			isa = XCSwiftPackageProductDependency;
			package = 0073BF382CBFA2A1000E6314 /* XCRemoteSwiftPackageReference "SnapKit" */;
			productName = SnapKit;
		};
/* End XCSwiftPackageProductDependency section */
	};
	rootObject = 007EC28C2CB973DB005ACF95 /* Project object */;
}
